
Microsoft Visual Studio Solution File, Format Version 12.00
# Visual Studio Version 17
VisualStudioVersion = 17.11.35327.3
MinimumVisualStudioVersion = 10.0.40219.1
Project("{778DAE3C-4631-46EA-AA77-85C1314464D9}") = "languageserver", "src\languageserver.vbproj", "{1D54DCDA-7CDD-43FB-8E03-8B265D9749C5}"
EndProject
Project("{2150E333-8FDC-42A3-9474-1A3956D46DE8}") = "framework", "framework", "{9413B42A-87B5-4983-B925-B8563002BBD0}"
EndProject
Project("{2150E333-8FDC-42A3-9474-1A3956D46DE8}") = "renv", "renv", "{6D62727D-C820-4462-A4F4-1490FACF375B}"
EndProject
Project("{778DAE3C-4631-46EA-AA77-85C1314464D9}") = "Core", "..\..\GCModeller\src\runtime\sciBASIC#\Microsoft.VisualBasic.Core\src\Core.vbproj", "{623E7BBC-1214-4C6F-8612-81973A29C970}"
EndProject
Project("{778DAE3C-4631-46EA-AA77-85C1314464D9}") = "Math.NET5", "..\..\GCModeller\src\runtime\sciBASIC#\Data_science\Mathematica\Math\Math\Math.NET5.vbproj", "{9D85A533-26DB-4EBB-8421-F8F5F58CE7DF}"
EndProject
Project("{778DAE3C-4631-46EA-AA77-85C1314464D9}") = "html_netcore5", "..\..\GCModeller\src\runtime\sciBASIC#\mime\text%html\html_netcore5.vbproj", "{33C95DD6-F681-4AE5-B9C1-D6DCDE95541C}"
EndProject
Project("{778DAE3C-4631-46EA-AA77-85C1314464D9}") = "markdown.NET5", "..\..\GCModeller\src\runtime\sciBASIC#\mime\text%markdown\markdown.NET5.vbproj", "{CEDEBAE2-00CF-4CC4-AE11-667F2288FA08}"
EndProject
Project("{778DAE3C-4631-46EA-AA77-85C1314464D9}") = "imaging.NET5", "..\..\GCModeller\src\runtime\sciBASIC#\gr\Microsoft.VisualBasic.Imaging\imaging.NET5.vbproj", "{855DE8BD-EF0D-4BFB-8ACE-DAB7315EEFE5}"
EndProject
Project("{778DAE3C-4631-46EA-AA77-85C1314464D9}") = "Rsharp-netcore5", "..\..\GCModeller\src\R-sharp\R#\Rsharp-netcore5.vbproj", "{0A0990D7-EF91-4193-AD0B-B4547BE3B6E8}"
EndProject
Project("{D954291E-2A0B-460D-934E-DC6B0785DB48}") = "Rstudio.common", "..\..\GCModeller\src\R-sharp\studio\Rstudio.common\Rstudio.common.shproj", "{14010B90-BC3B-42D9-A52C-30CA537D3C11}"
EndProject
Project("{778DAE3C-4631-46EA-AA77-85C1314464D9}") = "R-cmd.NET5", "..\..\GCModeller\src\R-sharp\studio\R-terminal\R-cmd.NET5.vbproj", "{699EB010-0BFE-4FD2-8109-2CEDB34F086C}"
EndProject
Project("{778DAE3C-4631-46EA-AA77-85C1314464D9}") = "Drawing-net4.8", "..\..\GCModeller\src\runtime\sciBASIC#\gr\Drawing-net4.8\Drawing-net4.8.vbproj", "{E4A1E2AC-9B54-4021-9E9F-DF495461BFF0}"
EndProject
Project("{2150E333-8FDC-42A3-9474-1A3956D46DE8}") = "http", "http", "{4877F570-F647-4B10-A168-9D9DAFA5CC95}"
EndProject
Project("{778DAE3C-4631-46EA-AA77-85C1314464D9}") = "Flute.NET5", "..\..\GCModeller\src\runtime\httpd\src\Flute\Flute.NET5.vbproj", "{43AEA0B4-224E-4E14-AC66-CAB287D89EF1}"
EndProject
Global
	GlobalSection(SolutionConfigurationPlatforms) = preSolution
		CFD_win32|Any CPU = CFD_win32|Any CPU
		CFD_win32|ARM32 = CFD_win32|ARM32
		CFD_win32|x64 = CFD_win32|x64
		CFD_win32|x86 = CFD_win32|x86
		Debug|Any CPU = Debug|Any CPU
		Debug|ARM32 = Debug|ARM32
		Debug|x64 = Debug|x64
		Debug|x86 = Debug|x86
		Desktop|Any CPU = Desktop|Any CPU
		Desktop|ARM32 = Desktop|ARM32
		Desktop|x64 = Desktop|x64
		Desktop|x86 = Desktop|x86
		Docker|Any CPU = Docker|Any CPU
		Docker|ARM32 = Docker|ARM32
		Docker|x64 = Docker|x64
		Docker|x86 = Docker|x86
		gcmodeller_desktop|Any CPU = gcmodeller_desktop|Any CPU
		gcmodeller_desktop|ARM32 = gcmodeller_desktop|ARM32
		gcmodeller_desktop|x64 = gcmodeller_desktop|x64
		gcmodeller_desktop|x86 = gcmodeller_desktop|x86
		LipidSearch|Any CPU = LipidSearch|Any CPU
		LipidSearch|ARM32 = LipidSearch|ARM32
		LipidSearch|x64 = LipidSearch|x64
		LipidSearch|x86 = LipidSearch|x86
		mzkit_win32|Any CPU = mzkit_win32|Any CPU
		mzkit_win32|ARM32 = mzkit_win32|ARM32
		mzkit_win32|x64 = mzkit_win32|x64
		mzkit_win32|x86 = mzkit_win32|x86
		mzkit|Any CPU = mzkit|Any CPU
		mzkit|ARM32 = mzkit|ARM32
		mzkit|x64 = mzkit|x64
		mzkit|x86 = mzkit|x86
		NPSearch|Any CPU = NPSearch|Any CPU
		NPSearch|ARM32 = NPSearch|ARM32
		NPSearch|x64 = NPSearch|x64
		NPSearch|x86 = NPSearch|x86
		nuget_release|Any CPU = nuget_release|Any CPU
		nuget_release|ARM32 = nuget_release|ARM32
		nuget_release|x64 = nuget_release|x64
		nuget_release|x86 = nuget_release|x86
		PlantMAT|Any CPU = PlantMAT|Any CPU
		PlantMAT|ARM32 = PlantMAT|ARM32
		PlantMAT|x64 = PlantMAT|x64
		PlantMAT|x86 = PlantMAT|x86
		Release|Any CPU = Release|Any CPU
		Release|ARM32 = Release|ARM32
		Release|x64 = Release|x64
		Release|x86 = Release|x86
		Rsharp_app_release|Any CPU = Rsharp_app_release|Any CPU
		Rsharp_app_release|ARM32 = Rsharp_app_release|ARM32
		Rsharp_app_release|x64 = Rsharp_app_release|x64
		Rsharp_app_release|x86 = Rsharp_app_release|x86
	EndGlobalSection
	GlobalSection(ProjectConfigurationPlatforms) = postSolution
		{1D54DCDA-7CDD-43FB-8E03-8B265D9749C5}.CFD_win32|Any CPU.ActiveCfg = Rsharp_app_release|Any CPU
		{1D54DCDA-7CDD-43FB-8E03-8B265D9749C5}.CFD_win32|Any CPU.Build.0 = Rsharp_app_release|Any CPU
		{1D54DCDA-7CDD-43FB-8E03-8B265D9749C5}.CFD_win32|ARM32.ActiveCfg = Rsharp_app_release|Any CPU
		{1D54DCDA-7CDD-43FB-8E03-8B265D9749C5}.CFD_win32|ARM32.Build.0 = Rsharp_app_release|Any CPU
		{1D54DCDA-7CDD-43FB-8E03-8B265D9749C5}.CFD_win32|x64.ActiveCfg = Release|x64
		{1D54DCDA-7CDD-43FB-8E03-8B265D9749C5}.CFD_win32|x64.Build.0 = Release|x64
		{1D54DCDA-7CDD-43FB-8E03-8B265D9749C5}.CFD_win32|x86.ActiveCfg = Rsharp_app_release|Any CPU
		{1D54DCDA-7CDD-43FB-8E03-8B265D9749C5}.CFD_win32|x86.Build.0 = Rsharp_app_release|Any CPU
		{1D54DCDA-7CDD-43FB-8E03-8B265D9749C5}.Debug|Any CPU.ActiveCfg = Debug|Any CPU
		{1D54DCDA-7CDD-43FB-8E03-8B265D9749C5}.Debug|Any CPU.Build.0 = Debug|Any CPU
		{1D54DCDA-7CDD-43FB-8E03-8B265D9749C5}.Debug|ARM32.ActiveCfg = Debug|Any CPU
		{1D54DCDA-7CDD-43FB-8E03-8B265D9749C5}.Debug|ARM32.Build.0 = Debug|Any CPU
		{1D54DCDA-7CDD-43FB-8E03-8B265D9749C5}.Debug|x64.ActiveCfg = Debug|x64
		{1D54DCDA-7CDD-43FB-8E03-8B265D9749C5}.Debug|x64.Build.0 = Debug|x64
		{1D54DCDA-7CDD-43FB-8E03-8B265D9749C5}.Debug|x86.ActiveCfg = Debug|Any CPU
		{1D54DCDA-7CDD-43FB-8E03-8B265D9749C5}.Debug|x86.Build.0 = Debug|Any CPU
		{1D54DCDA-7CDD-43FB-8E03-8B265D9749C5}.Desktop|Any CPU.ActiveCfg = Debug|Any CPU
		{1D54DCDA-7CDD-43FB-8E03-8B265D9749C5}.Desktop|Any CPU.Build.0 = Debug|Any CPU
		{1D54DCDA-7CDD-43FB-8E03-8B265D9749C5}.Desktop|ARM32.ActiveCfg = Debug|Any CPU
		{1D54DCDA-7CDD-43FB-8E03-8B265D9749C5}.Desktop|ARM32.Build.0 = Debug|Any CPU
		{1D54DCDA-7CDD-43FB-8E03-8B265D9749C5}.Desktop|x64.ActiveCfg = Debug|x64
		{1D54DCDA-7CDD-43FB-8E03-8B265D9749C5}.Desktop|x64.Build.0 = Debug|x64
		{1D54DCDA-7CDD-43FB-8E03-8B265D9749C5}.Desktop|x86.ActiveCfg = Debug|Any CPU
		{1D54DCDA-7CDD-43FB-8E03-8B265D9749C5}.Desktop|x86.Build.0 = Debug|Any CPU
		{1D54DCDA-7CDD-43FB-8E03-8B265D9749C5}.Docker|Any CPU.ActiveCfg = Debug|Any CPU
		{1D54DCDA-7CDD-43FB-8E03-8B265D9749C5}.Docker|Any CPU.Build.0 = Debug|Any CPU
		{1D54DCDA-7CDD-43FB-8E03-8B265D9749C5}.Docker|ARM32.ActiveCfg = Debug|Any CPU
		{1D54DCDA-7CDD-43FB-8E03-8B265D9749C5}.Docker|ARM32.Build.0 = Debug|Any CPU
		{1D54DCDA-7CDD-43FB-8E03-8B265D9749C5}.Docker|x64.ActiveCfg = Debug|x64
		{1D54DCDA-7CDD-43FB-8E03-8B265D9749C5}.Docker|x64.Build.0 = Debug|x64
		{1D54DCDA-7CDD-43FB-8E03-8B265D9749C5}.Docker|x86.ActiveCfg = Debug|Any CPU
		{1D54DCDA-7CDD-43FB-8E03-8B265D9749C5}.Docker|x86.Build.0 = Debug|Any CPU
		{1D54DCDA-7CDD-43FB-8E03-8B265D9749C5}.gcmodeller_desktop|Any CPU.ActiveCfg = Rsharp_app_release|Any CPU
		{1D54DCDA-7CDD-43FB-8E03-8B265D9749C5}.gcmodeller_desktop|Any CPU.Build.0 = Rsharp_app_release|Any CPU
		{1D54DCDA-7CDD-43FB-8E03-8B265D9749C5}.gcmodeller_desktop|ARM32.ActiveCfg = Rsharp_app_release|Any CPU
		{1D54DCDA-7CDD-43FB-8E03-8B265D9749C5}.gcmodeller_desktop|ARM32.Build.0 = Rsharp_app_release|Any CPU
		{1D54DCDA-7CDD-43FB-8E03-8B265D9749C5}.gcmodeller_desktop|x64.ActiveCfg = Release|x64
		{1D54DCDA-7CDD-43FB-8E03-8B265D9749C5}.gcmodeller_desktop|x64.Build.0 = Release|x64
		{1D54DCDA-7CDD-43FB-8E03-8B265D9749C5}.gcmodeller_desktop|x86.ActiveCfg = Rsharp_app_release|Any CPU
		{1D54DCDA-7CDD-43FB-8E03-8B265D9749C5}.gcmodeller_desktop|x86.Build.0 = Rsharp_app_release|Any CPU
		{1D54DCDA-7CDD-43FB-8E03-8B265D9749C5}.LipidSearch|Any CPU.ActiveCfg = Debug|Any CPU
		{1D54DCDA-7CDD-43FB-8E03-8B265D9749C5}.LipidSearch|Any CPU.Build.0 = Debug|Any CPU
		{1D54DCDA-7CDD-43FB-8E03-8B265D9749C5}.LipidSearch|ARM32.ActiveCfg = Rsharp_app_release|Any CPU
		{1D54DCDA-7CDD-43FB-8E03-8B265D9749C5}.LipidSearch|ARM32.Build.0 = Rsharp_app_release|Any CPU
		{1D54DCDA-7CDD-43FB-8E03-8B265D9749C5}.LipidSearch|x64.ActiveCfg = Debug|Any CPU
		{1D54DCDA-7CDD-43FB-8E03-8B265D9749C5}.LipidSearch|x64.Build.0 = Debug|Any CPU
		{1D54DCDA-7CDD-43FB-8E03-8B265D9749C5}.LipidSearch|x86.ActiveCfg = Rsharp_app_release|Any CPU
		{1D54DCDA-7CDD-43FB-8E03-8B265D9749C5}.LipidSearch|x86.Build.0 = Rsharp_app_release|Any CPU
		{1D54DCDA-7CDD-43FB-8E03-8B265D9749C5}.mzkit_win32|Any CPU.ActiveCfg = Rsharp_app_release|Any CPU
		{1D54DCDA-7CDD-43FB-8E03-8B265D9749C5}.mzkit_win32|Any CPU.Build.0 = Rsharp_app_release|Any CPU
		{1D54DCDA-7CDD-43FB-8E03-8B265D9749C5}.mzkit_win32|ARM32.ActiveCfg = Rsharp_app_release|Any CPU
		{1D54DCDA-7CDD-43FB-8E03-8B265D9749C5}.mzkit_win32|ARM32.Build.0 = Rsharp_app_release|Any CPU
		{1D54DCDA-7CDD-43FB-8E03-8B265D9749C5}.mzkit_win32|x64.ActiveCfg = Release|x64
		{1D54DCDA-7CDD-43FB-8E03-8B265D9749C5}.mzkit_win32|x64.Build.0 = Release|x64
		{1D54DCDA-7CDD-43FB-8E03-8B265D9749C5}.mzkit_win32|x86.ActiveCfg = Rsharp_app_release|Any CPU
		{1D54DCDA-7CDD-43FB-8E03-8B265D9749C5}.mzkit_win32|x86.Build.0 = Rsharp_app_release|Any CPU
		{1D54DCDA-7CDD-43FB-8E03-8B265D9749C5}.mzkit|Any CPU.ActiveCfg = Debug|Any CPU
		{1D54DCDA-7CDD-43FB-8E03-8B265D9749C5}.mzkit|Any CPU.Build.0 = Debug|Any CPU
		{1D54DCDA-7CDD-43FB-8E03-8B265D9749C5}.mzkit|ARM32.ActiveCfg = Rsharp_app_release|Any CPU
		{1D54DCDA-7CDD-43FB-8E03-8B265D9749C5}.mzkit|ARM32.Build.0 = Rsharp_app_release|Any CPU
		{1D54DCDA-7CDD-43FB-8E03-8B265D9749C5}.mzkit|x64.ActiveCfg = Debug|Any CPU
		{1D54DCDA-7CDD-43FB-8E03-8B265D9749C5}.mzkit|x64.Build.0 = Debug|Any CPU
		{1D54DCDA-7CDD-43FB-8E03-8B265D9749C5}.mzkit|x86.ActiveCfg = Rsharp_app_release|Any CPU
		{1D54DCDA-7CDD-43FB-8E03-8B265D9749C5}.mzkit|x86.Build.0 = Rsharp_app_release|Any CPU
		{1D54DCDA-7CDD-43FB-8E03-8B265D9749C5}.NPSearch|Any CPU.ActiveCfg = Debug|Any CPU
		{1D54DCDA-7CDD-43FB-8E03-8B265D9749C5}.NPSearch|Any CPU.Build.0 = Debug|Any CPU
		{1D54DCDA-7CDD-43FB-8E03-8B265D9749C5}.NPSearch|ARM32.ActiveCfg = Rsharp_app_release|Any CPU
		{1D54DCDA-7CDD-43FB-8E03-8B265D9749C5}.NPSearch|ARM32.Build.0 = Rsharp_app_release|Any CPU
		{1D54DCDA-7CDD-43FB-8E03-8B265D9749C5}.NPSearch|x64.ActiveCfg = Debug|Any CPU
		{1D54DCDA-7CDD-43FB-8E03-8B265D9749C5}.NPSearch|x64.Build.0 = Debug|Any CPU
		{1D54DCDA-7CDD-43FB-8E03-8B265D9749C5}.NPSearch|x86.ActiveCfg = Rsharp_app_release|Any CPU
		{1D54DCDA-7CDD-43FB-8E03-8B265D9749C5}.NPSearch|x86.Build.0 = Rsharp_app_release|Any CPU
		{1D54DCDA-7CDD-43FB-8E03-8B265D9749C5}.nuget_release|Any CPU.ActiveCfg = Rsharp_app_release|Any CPU
		{1D54DCDA-7CDD-43FB-8E03-8B265D9749C5}.nuget_release|Any CPU.Build.0 = Rsharp_app_release|Any CPU
		{1D54DCDA-7CDD-43FB-8E03-8B265D9749C5}.nuget_release|ARM32.ActiveCfg = Rsharp_app_release|Any CPU
		{1D54DCDA-7CDD-43FB-8E03-8B265D9749C5}.nuget_release|ARM32.Build.0 = Rsharp_app_release|Any CPU
		{1D54DCDA-7CDD-43FB-8E03-8B265D9749C5}.nuget_release|x64.ActiveCfg = Release|x64
		{1D54DCDA-7CDD-43FB-8E03-8B265D9749C5}.nuget_release|x64.Build.0 = Release|x64
		{1D54DCDA-7CDD-43FB-8E03-8B265D9749C5}.nuget_release|x86.ActiveCfg = Rsharp_app_release|Any CPU
		{1D54DCDA-7CDD-43FB-8E03-8B265D9749C5}.nuget_release|x86.Build.0 = Rsharp_app_release|Any CPU
		{1D54DCDA-7CDD-43FB-8E03-8B265D9749C5}.PlantMAT|Any CPU.ActiveCfg = Debug|Any CPU
		{1D54DCDA-7CDD-43FB-8E03-8B265D9749C5}.PlantMAT|Any CPU.Build.0 = Debug|Any CPU
		{1D54DCDA-7CDD-43FB-8E03-8B265D9749C5}.PlantMAT|ARM32.ActiveCfg = Rsharp_app_release|Any CPU
		{1D54DCDA-7CDD-43FB-8E03-8B265D9749C5}.PlantMAT|ARM32.Build.0 = Rsharp_app_release|Any CPU
		{1D54DCDA-7CDD-43FB-8E03-8B265D9749C5}.PlantMAT|x64.ActiveCfg = Debug|Any CPU
		{1D54DCDA-7CDD-43FB-8E03-8B265D9749C5}.PlantMAT|x64.Build.0 = Debug|Any CPU
		{1D54DCDA-7CDD-43FB-8E03-8B265D9749C5}.PlantMAT|x86.ActiveCfg = Rsharp_app_release|Any CPU
		{1D54DCDA-7CDD-43FB-8E03-8B265D9749C5}.PlantMAT|x86.Build.0 = Rsharp_app_release|Any CPU
		{1D54DCDA-7CDD-43FB-8E03-8B265D9749C5}.Release|Any CPU.ActiveCfg = Release|Any CPU
		{1D54DCDA-7CDD-43FB-8E03-8B265D9749C5}.Release|Any CPU.Build.0 = Release|Any CPU
		{1D54DCDA-7CDD-43FB-8E03-8B265D9749C5}.Release|ARM32.ActiveCfg = Release|Any CPU
		{1D54DCDA-7CDD-43FB-8E03-8B265D9749C5}.Release|ARM32.Build.0 = Release|Any CPU
		{1D54DCDA-7CDD-43FB-8E03-8B265D9749C5}.Release|x64.ActiveCfg = Release|Any CPU
		{1D54DCDA-7CDD-43FB-8E03-8B265D9749C5}.Release|x64.Build.0 = Release|Any CPU
		{1D54DCDA-7CDD-43FB-8E03-8B265D9749C5}.Release|x86.ActiveCfg = Release|Any CPU
		{1D54DCDA-7CDD-43FB-8E03-8B265D9749C5}.Release|x86.Build.0 = Release|Any CPU
		{1D54DCDA-7CDD-43FB-8E03-8B265D9749C5}.Rsharp_app_release|Any CPU.ActiveCfg = Release|Any CPU
		{1D54DCDA-7CDD-43FB-8E03-8B265D9749C5}.Rsharp_app_release|Any CPU.Build.0 = Release|Any CPU
		{1D54DCDA-7CDD-43FB-8E03-8B265D9749C5}.Rsharp_app_release|ARM32.ActiveCfg = Rsharp_app_release|Any CPU
		{1D54DCDA-7CDD-43FB-8E03-8B265D9749C5}.Rsharp_app_release|ARM32.Build.0 = Rsharp_app_release|Any CPU
		{1D54DCDA-7CDD-43FB-8E03-8B265D9749C5}.Rsharp_app_release|x64.ActiveCfg = Rsharp_app_release|x64
		{1D54DCDA-7CDD-43FB-8E03-8B265D9749C5}.Rsharp_app_release|x64.Build.0 = Rsharp_app_release|x64
		{1D54DCDA-7CDD-43FB-8E03-8B265D9749C5}.Rsharp_app_release|x86.ActiveCfg = Rsharp_app_release|Any CPU
		{1D54DCDA-7CDD-43FB-8E03-8B265D9749C5}.Rsharp_app_release|x86.Build.0 = Rsharp_app_release|Any CPU
		{623E7BBC-1214-4C6F-8612-81973A29C970}.CFD_win32|Any CPU.ActiveCfg = CFD_win32|Any CPU
		{623E7BBC-1214-4C6F-8612-81973A29C970}.CFD_win32|Any CPU.Build.0 = CFD_win32|Any CPU
		{623E7BBC-1214-4C6F-8612-81973A29C970}.CFD_win32|ARM32.ActiveCfg = CFD_win32|Any CPU
		{623E7BBC-1214-4C6F-8612-81973A29C970}.CFD_win32|ARM32.Build.0 = CFD_win32|Any CPU
		{623E7BBC-1214-4C6F-8612-81973A29C970}.CFD_win32|x64.ActiveCfg = CFD_win32|x64
		{623E7BBC-1214-4C6F-8612-81973A29C970}.CFD_win32|x64.Build.0 = CFD_win32|x64
		{623E7BBC-1214-4C6F-8612-81973A29C970}.CFD_win32|x86.ActiveCfg = CFD_win32|x86
		{623E7BBC-1214-4C6F-8612-81973A29C970}.CFD_win32|x86.Build.0 = CFD_win32|x86
		{623E7BBC-1214-4C6F-8612-81973A29C970}.Debug|Any CPU.ActiveCfg = Debug|Any CPU
		{623E7BBC-1214-4C6F-8612-81973A29C970}.Debug|Any CPU.Build.0 = Debug|Any CPU
		{623E7BBC-1214-4C6F-8612-81973A29C970}.Debug|ARM32.ActiveCfg = Debug|Any CPU
		{623E7BBC-1214-4C6F-8612-81973A29C970}.Debug|ARM32.Build.0 = Debug|Any CPU
		{623E7BBC-1214-4C6F-8612-81973A29C970}.Debug|x64.ActiveCfg = Debug|x64
		{623E7BBC-1214-4C6F-8612-81973A29C970}.Debug|x64.Build.0 = Debug|x64
		{623E7BBC-1214-4C6F-8612-81973A29C970}.Debug|x86.ActiveCfg = Debug|x86
		{623E7BBC-1214-4C6F-8612-81973A29C970}.Debug|x86.Build.0 = Debug|x86
		{623E7BBC-1214-4C6F-8612-81973A29C970}.Desktop|Any CPU.ActiveCfg = Desktop|Any CPU
		{623E7BBC-1214-4C6F-8612-81973A29C970}.Desktop|Any CPU.Build.0 = Desktop|Any CPU
		{623E7BBC-1214-4C6F-8612-81973A29C970}.Desktop|ARM32.ActiveCfg = Desktop|Any CPU
		{623E7BBC-1214-4C6F-8612-81973A29C970}.Desktop|ARM32.Build.0 = Desktop|Any CPU
		{623E7BBC-1214-4C6F-8612-81973A29C970}.Desktop|x64.ActiveCfg = Desktop|x64
		{623E7BBC-1214-4C6F-8612-81973A29C970}.Desktop|x64.Build.0 = Desktop|x64
		{623E7BBC-1214-4C6F-8612-81973A29C970}.Desktop|x86.ActiveCfg = Desktop|x86
		{623E7BBC-1214-4C6F-8612-81973A29C970}.Desktop|x86.Build.0 = Desktop|x86
		{623E7BBC-1214-4C6F-8612-81973A29C970}.Docker|Any CPU.ActiveCfg = Docker|Any CPU
		{623E7BBC-1214-4C6F-8612-81973A29C970}.Docker|Any CPU.Build.0 = Docker|Any CPU
		{623E7BBC-1214-4C6F-8612-81973A29C970}.Docker|ARM32.ActiveCfg = Docker|Any CPU
		{623E7BBC-1214-4C6F-8612-81973A29C970}.Docker|ARM32.Build.0 = Docker|Any CPU
		{623E7BBC-1214-4C6F-8612-81973A29C970}.Docker|x64.ActiveCfg = Docker|x64
		{623E7BBC-1214-4C6F-8612-81973A29C970}.Docker|x64.Build.0 = Docker|x64
		{623E7BBC-1214-4C6F-8612-81973A29C970}.Docker|x86.ActiveCfg = Docker|x86
		{623E7BBC-1214-4C6F-8612-81973A29C970}.Docker|x86.Build.0 = Docker|x86
		{623E7BBC-1214-4C6F-8612-81973A29C970}.gcmodeller_desktop|Any CPU.ActiveCfg = gcmodeller_desktop|Any CPU
		{623E7BBC-1214-4C6F-8612-81973A29C970}.gcmodeller_desktop|Any CPU.Build.0 = gcmodeller_desktop|Any CPU
		{623E7BBC-1214-4C6F-8612-81973A29C970}.gcmodeller_desktop|ARM32.ActiveCfg = gcmodeller_desktop|Any CPU
		{623E7BBC-1214-4C6F-8612-81973A29C970}.gcmodeller_desktop|ARM32.Build.0 = gcmodeller_desktop|Any CPU
		{623E7BBC-1214-4C6F-8612-81973A29C970}.gcmodeller_desktop|x64.ActiveCfg = gcmodeller_desktop|x64
		{623E7BBC-1214-4C6F-8612-81973A29C970}.gcmodeller_desktop|x64.Build.0 = gcmodeller_desktop|x64
		{623E7BBC-1214-4C6F-8612-81973A29C970}.gcmodeller_desktop|x86.ActiveCfg = gcmodeller_desktop|x86
		{623E7BBC-1214-4C6F-8612-81973A29C970}.gcmodeller_desktop|x86.Build.0 = gcmodeller_desktop|x86
		{623E7BBC-1214-4C6F-8612-81973A29C970}.LipidSearch|Any CPU.ActiveCfg = LipidSearch|Any CPU
		{623E7BBC-1214-4C6F-8612-81973A29C970}.LipidSearch|Any CPU.Build.0 = LipidSearch|Any CPU
		{623E7BBC-1214-4C6F-8612-81973A29C970}.LipidSearch|ARM32.ActiveCfg = LipidSearch|Any CPU
		{623E7BBC-1214-4C6F-8612-81973A29C970}.LipidSearch|ARM32.Build.0 = LipidSearch|Any CPU
		{623E7BBC-1214-4C6F-8612-81973A29C970}.LipidSearch|x64.ActiveCfg = LipidSearch|x64
		{623E7BBC-1214-4C6F-8612-81973A29C970}.LipidSearch|x64.Build.0 = LipidSearch|x64
		{623E7BBC-1214-4C6F-8612-81973A29C970}.LipidSearch|x86.ActiveCfg = LipidSearch|x86
		{623E7BBC-1214-4C6F-8612-81973A29C970}.LipidSearch|x86.Build.0 = LipidSearch|x86
		{623E7BBC-1214-4C6F-8612-81973A29C970}.mzkit_win32|Any CPU.ActiveCfg = mzkit_win32|Any CPU
		{623E7BBC-1214-4C6F-8612-81973A29C970}.mzkit_win32|Any CPU.Build.0 = mzkit_win32|Any CPU
		{623E7BBC-1214-4C6F-8612-81973A29C970}.mzkit_win32|ARM32.ActiveCfg = mzkit_win32|Any CPU
		{623E7BBC-1214-4C6F-8612-81973A29C970}.mzkit_win32|ARM32.Build.0 = mzkit_win32|Any CPU
		{623E7BBC-1214-4C6F-8612-81973A29C970}.mzkit_win32|x64.ActiveCfg = mzkit_win32|x64
		{623E7BBC-1214-4C6F-8612-81973A29C970}.mzkit_win32|x64.Build.0 = mzkit_win32|x64
		{623E7BBC-1214-4C6F-8612-81973A29C970}.mzkit_win32|x86.ActiveCfg = mzkit_win32|x86
		{623E7BBC-1214-4C6F-8612-81973A29C970}.mzkit_win32|x86.Build.0 = mzkit_win32|x86
		{623E7BBC-1214-4C6F-8612-81973A29C970}.mzkit|Any CPU.ActiveCfg = mzkit|Any CPU
		{623E7BBC-1214-4C6F-8612-81973A29C970}.mzkit|Any CPU.Build.0 = mzkit|Any CPU
		{623E7BBC-1214-4C6F-8612-81973A29C970}.mzkit|ARM32.ActiveCfg = mzkit|Any CPU
		{623E7BBC-1214-4C6F-8612-81973A29C970}.mzkit|ARM32.Build.0 = mzkit|Any CPU
		{623E7BBC-1214-4C6F-8612-81973A29C970}.mzkit|x64.ActiveCfg = mzkit|x64
		{623E7BBC-1214-4C6F-8612-81973A29C970}.mzkit|x64.Build.0 = mzkit|x64
		{623E7BBC-1214-4C6F-8612-81973A29C970}.mzkit|x86.ActiveCfg = mzkit|x86
		{623E7BBC-1214-4C6F-8612-81973A29C970}.mzkit|x86.Build.0 = mzkit|x86
		{623E7BBC-1214-4C6F-8612-81973A29C970}.NPSearch|Any CPU.ActiveCfg = NPSearch|Any CPU
		{623E7BBC-1214-4C6F-8612-81973A29C970}.NPSearch|Any CPU.Build.0 = NPSearch|Any CPU
		{623E7BBC-1214-4C6F-8612-81973A29C970}.NPSearch|ARM32.ActiveCfg = NPSearch|Any CPU
		{623E7BBC-1214-4C6F-8612-81973A29C970}.NPSearch|ARM32.Build.0 = NPSearch|Any CPU
		{623E7BBC-1214-4C6F-8612-81973A29C970}.NPSearch|x64.ActiveCfg = NPSearch|x64
		{623E7BBC-1214-4C6F-8612-81973A29C970}.NPSearch|x64.Build.0 = NPSearch|x64
		{623E7BBC-1214-4C6F-8612-81973A29C970}.NPSearch|x86.ActiveCfg = NPSearch|x86
		{623E7BBC-1214-4C6F-8612-81973A29C970}.NPSearch|x86.Build.0 = NPSearch|x86
		{623E7BBC-1214-4C6F-8612-81973A29C970}.nuget_release|Any CPU.ActiveCfg = nuget_release|Any CPU
		{623E7BBC-1214-4C6F-8612-81973A29C970}.nuget_release|Any CPU.Build.0 = nuget_release|Any CPU
		{623E7BBC-1214-4C6F-8612-81973A29C970}.nuget_release|ARM32.ActiveCfg = nuget_release|Any CPU
		{623E7BBC-1214-4C6F-8612-81973A29C970}.nuget_release|ARM32.Build.0 = nuget_release|Any CPU
		{623E7BBC-1214-4C6F-8612-81973A29C970}.nuget_release|x64.ActiveCfg = nuget_release|x64
		{623E7BBC-1214-4C6F-8612-81973A29C970}.nuget_release|x64.Build.0 = nuget_release|x64
		{623E7BBC-1214-4C6F-8612-81973A29C970}.nuget_release|x86.ActiveCfg = nuget_release|x86
		{623E7BBC-1214-4C6F-8612-81973A29C970}.nuget_release|x86.Build.0 = nuget_release|x86
		{623E7BBC-1214-4C6F-8612-81973A29C970}.PlantMAT|Any CPU.ActiveCfg = PlantMAT|Any CPU
		{623E7BBC-1214-4C6F-8612-81973A29C970}.PlantMAT|Any CPU.Build.0 = PlantMAT|Any CPU
		{623E7BBC-1214-4C6F-8612-81973A29C970}.PlantMAT|ARM32.ActiveCfg = PlantMAT|Any CPU
		{623E7BBC-1214-4C6F-8612-81973A29C970}.PlantMAT|ARM32.Build.0 = PlantMAT|Any CPU
		{623E7BBC-1214-4C6F-8612-81973A29C970}.PlantMAT|x64.ActiveCfg = PlantMAT|x64
		{623E7BBC-1214-4C6F-8612-81973A29C970}.PlantMAT|x64.Build.0 = PlantMAT|x64
		{623E7BBC-1214-4C6F-8612-81973A29C970}.PlantMAT|x86.ActiveCfg = PlantMAT|x86
		{623E7BBC-1214-4C6F-8612-81973A29C970}.PlantMAT|x86.Build.0 = PlantMAT|x86
		{623E7BBC-1214-4C6F-8612-81973A29C970}.Release|Any CPU.ActiveCfg = Release|Any CPU
		{623E7BBC-1214-4C6F-8612-81973A29C970}.Release|Any CPU.Build.0 = Release|Any CPU
		{623E7BBC-1214-4C6F-8612-81973A29C970}.Release|ARM32.ActiveCfg = Release|Any CPU
		{623E7BBC-1214-4C6F-8612-81973A29C970}.Release|ARM32.Build.0 = Release|Any CPU
		{623E7BBC-1214-4C6F-8612-81973A29C970}.Release|x64.ActiveCfg = Release|x64
		{623E7BBC-1214-4C6F-8612-81973A29C970}.Release|x64.Build.0 = Release|x64
		{623E7BBC-1214-4C6F-8612-81973A29C970}.Release|x86.ActiveCfg = Release|x86
		{623E7BBC-1214-4C6F-8612-81973A29C970}.Release|x86.Build.0 = Release|x86
		{623E7BBC-1214-4C6F-8612-81973A29C970}.Rsharp_app_release|Any CPU.ActiveCfg = Rsharp_app_release|Any CPU
		{623E7BBC-1214-4C6F-8612-81973A29C970}.Rsharp_app_release|Any CPU.Build.0 = Rsharp_app_release|Any CPU
		{623E7BBC-1214-4C6F-8612-81973A29C970}.Rsharp_app_release|ARM32.ActiveCfg = Rsharp_app_release|Any CPU
		{623E7BBC-1214-4C6F-8612-81973A29C970}.Rsharp_app_release|ARM32.Build.0 = Rsharp_app_release|Any CPU
		{623E7BBC-1214-4C6F-8612-81973A29C970}.Rsharp_app_release|x64.ActiveCfg = Rsharp_app_release|x64
		{623E7BBC-1214-4C6F-8612-81973A29C970}.Rsharp_app_release|x64.Build.0 = Rsharp_app_release|x64
		{623E7BBC-1214-4C6F-8612-81973A29C970}.Rsharp_app_release|x86.ActiveCfg = Rsharp_app_release|x86
		{623E7BBC-1214-4C6F-8612-81973A29C970}.Rsharp_app_release|x86.Build.0 = Rsharp_app_release|x86
		{9D85A533-26DB-4EBB-8421-F8F5F58CE7DF}.CFD_win32|Any CPU.ActiveCfg = CFD_win32|Any CPU
		{9D85A533-26DB-4EBB-8421-F8F5F58CE7DF}.CFD_win32|Any CPU.Build.0 = CFD_win32|Any CPU
		{9D85A533-26DB-4EBB-8421-F8F5F58CE7DF}.CFD_win32|ARM32.ActiveCfg = CFD_win32|Any CPU
		{9D85A533-26DB-4EBB-8421-F8F5F58CE7DF}.CFD_win32|ARM32.Build.0 = CFD_win32|Any CPU
		{9D85A533-26DB-4EBB-8421-F8F5F58CE7DF}.CFD_win32|x64.ActiveCfg = CFD_win32|x64
		{9D85A533-26DB-4EBB-8421-F8F5F58CE7DF}.CFD_win32|x64.Build.0 = CFD_win32|x64
		{9D85A533-26DB-4EBB-8421-F8F5F58CE7DF}.CFD_win32|x86.ActiveCfg = CFD_win32|x86
		{9D85A533-26DB-4EBB-8421-F8F5F58CE7DF}.CFD_win32|x86.Build.0 = CFD_win32|x86
		{9D85A533-26DB-4EBB-8421-F8F5F58CE7DF}.Debug|Any CPU.ActiveCfg = Debug|Any CPU
		{9D85A533-26DB-4EBB-8421-F8F5F58CE7DF}.Debug|Any CPU.Build.0 = Debug|Any CPU
		{9D85A533-26DB-4EBB-8421-F8F5F58CE7DF}.Debug|ARM32.ActiveCfg = Debug|Any CPU
		{9D85A533-26DB-4EBB-8421-F8F5F58CE7DF}.Debug|ARM32.Build.0 = Debug|Any CPU
		{9D85A533-26DB-4EBB-8421-F8F5F58CE7DF}.Debug|x64.ActiveCfg = Debug|x64
		{9D85A533-26DB-4EBB-8421-F8F5F58CE7DF}.Debug|x64.Build.0 = Debug|x64
		{9D85A533-26DB-4EBB-8421-F8F5F58CE7DF}.Debug|x86.ActiveCfg = Debug|x86
		{9D85A533-26DB-4EBB-8421-F8F5F58CE7DF}.Debug|x86.Build.0 = Debug|x86
		{9D85A533-26DB-4EBB-8421-F8F5F58CE7DF}.Desktop|Any CPU.ActiveCfg = Desktop|Any CPU
		{9D85A533-26DB-4EBB-8421-F8F5F58CE7DF}.Desktop|Any CPU.Build.0 = Desktop|Any CPU
		{9D85A533-26DB-4EBB-8421-F8F5F58CE7DF}.Desktop|ARM32.ActiveCfg = Desktop|Any CPU
		{9D85A533-26DB-4EBB-8421-F8F5F58CE7DF}.Desktop|ARM32.Build.0 = Desktop|Any CPU
		{9D85A533-26DB-4EBB-8421-F8F5F58CE7DF}.Desktop|x64.ActiveCfg = Desktop|x64
		{9D85A533-26DB-4EBB-8421-F8F5F58CE7DF}.Desktop|x64.Build.0 = Desktop|x64
		{9D85A533-26DB-4EBB-8421-F8F5F58CE7DF}.Desktop|x86.ActiveCfg = Desktop|x86
		{9D85A533-26DB-4EBB-8421-F8F5F58CE7DF}.Desktop|x86.Build.0 = Desktop|x86
		{9D85A533-26DB-4EBB-8421-F8F5F58CE7DF}.Docker|Any CPU.ActiveCfg = Desktop|Any CPU
		{9D85A533-26DB-4EBB-8421-F8F5F58CE7DF}.Docker|Any CPU.Build.0 = Desktop|Any CPU
		{9D85A533-26DB-4EBB-8421-F8F5F58CE7DF}.Docker|ARM32.ActiveCfg = Desktop|Any CPU
		{9D85A533-26DB-4EBB-8421-F8F5F58CE7DF}.Docker|ARM32.Build.0 = Desktop|Any CPU
		{9D85A533-26DB-4EBB-8421-F8F5F58CE7DF}.Docker|x64.ActiveCfg = Desktop|x64
		{9D85A533-26DB-4EBB-8421-F8F5F58CE7DF}.Docker|x64.Build.0 = Desktop|x64
		{9D85A533-26DB-4EBB-8421-F8F5F58CE7DF}.Docker|x86.ActiveCfg = Desktop|x86
		{9D85A533-26DB-4EBB-8421-F8F5F58CE7DF}.Docker|x86.Build.0 = Desktop|x86
		{9D85A533-26DB-4EBB-8421-F8F5F58CE7DF}.gcmodeller_desktop|Any CPU.ActiveCfg = gcmodeller_desktop|Any CPU
		{9D85A533-26DB-4EBB-8421-F8F5F58CE7DF}.gcmodeller_desktop|Any CPU.Build.0 = gcmodeller_desktop|Any CPU
		{9D85A533-26DB-4EBB-8421-F8F5F58CE7DF}.gcmodeller_desktop|ARM32.ActiveCfg = gcmodeller_desktop|Any CPU
		{9D85A533-26DB-4EBB-8421-F8F5F58CE7DF}.gcmodeller_desktop|ARM32.Build.0 = gcmodeller_desktop|Any CPU
		{9D85A533-26DB-4EBB-8421-F8F5F58CE7DF}.gcmodeller_desktop|x64.ActiveCfg = gcmodeller_desktop|x64
		{9D85A533-26DB-4EBB-8421-F8F5F58CE7DF}.gcmodeller_desktop|x64.Build.0 = gcmodeller_desktop|x64
		{9D85A533-26DB-4EBB-8421-F8F5F58CE7DF}.gcmodeller_desktop|x86.ActiveCfg = gcmodeller_desktop|x86
		{9D85A533-26DB-4EBB-8421-F8F5F58CE7DF}.gcmodeller_desktop|x86.Build.0 = gcmodeller_desktop|x86
		{9D85A533-26DB-4EBB-8421-F8F5F58CE7DF}.LipidSearch|Any CPU.ActiveCfg = LipidSearch|Any CPU
		{9D85A533-26DB-4EBB-8421-F8F5F58CE7DF}.LipidSearch|Any CPU.Build.0 = LipidSearch|Any CPU
		{9D85A533-26DB-4EBB-8421-F8F5F58CE7DF}.LipidSearch|ARM32.ActiveCfg = LipidSearch|Any CPU
		{9D85A533-26DB-4EBB-8421-F8F5F58CE7DF}.LipidSearch|ARM32.Build.0 = LipidSearch|Any CPU
		{9D85A533-26DB-4EBB-8421-F8F5F58CE7DF}.LipidSearch|x64.ActiveCfg = LipidSearch|x64
		{9D85A533-26DB-4EBB-8421-F8F5F58CE7DF}.LipidSearch|x64.Build.0 = LipidSearch|x64
		{9D85A533-26DB-4EBB-8421-F8F5F58CE7DF}.LipidSearch|x86.ActiveCfg = LipidSearch|x86
		{9D85A533-26DB-4EBB-8421-F8F5F58CE7DF}.LipidSearch|x86.Build.0 = LipidSearch|x86
		{9D85A533-26DB-4EBB-8421-F8F5F58CE7DF}.mzkit_win32|Any CPU.ActiveCfg = mzkit_win32|Any CPU
		{9D85A533-26DB-4EBB-8421-F8F5F58CE7DF}.mzkit_win32|Any CPU.Build.0 = mzkit_win32|Any CPU
		{9D85A533-26DB-4EBB-8421-F8F5F58CE7DF}.mzkit_win32|ARM32.ActiveCfg = mzkit_win32|Any CPU
		{9D85A533-26DB-4EBB-8421-F8F5F58CE7DF}.mzkit_win32|ARM32.Build.0 = mzkit_win32|Any CPU
		{9D85A533-26DB-4EBB-8421-F8F5F58CE7DF}.mzkit_win32|x64.ActiveCfg = mzkit_win32|x64
		{9D85A533-26DB-4EBB-8421-F8F5F58CE7DF}.mzkit_win32|x64.Build.0 = mzkit_win32|x64
		{9D85A533-26DB-4EBB-8421-F8F5F58CE7DF}.mzkit_win32|x86.ActiveCfg = mzkit_win32|x86
		{9D85A533-26DB-4EBB-8421-F8F5F58CE7DF}.mzkit_win32|x86.Build.0 = mzkit_win32|x86
		{9D85A533-26DB-4EBB-8421-F8F5F58CE7DF}.mzkit|Any CPU.ActiveCfg = mzkit|Any CPU
		{9D85A533-26DB-4EBB-8421-F8F5F58CE7DF}.mzkit|Any CPU.Build.0 = mzkit|Any CPU
		{9D85A533-26DB-4EBB-8421-F8F5F58CE7DF}.mzkit|ARM32.ActiveCfg = mzkit|Any CPU
		{9D85A533-26DB-4EBB-8421-F8F5F58CE7DF}.mzkit|ARM32.Build.0 = mzkit|Any CPU
		{9D85A533-26DB-4EBB-8421-F8F5F58CE7DF}.mzkit|x64.ActiveCfg = mzkit|x64
		{9D85A533-26DB-4EBB-8421-F8F5F58CE7DF}.mzkit|x64.Build.0 = mzkit|x64
		{9D85A533-26DB-4EBB-8421-F8F5F58CE7DF}.mzkit|x86.ActiveCfg = mzkit|x86
		{9D85A533-26DB-4EBB-8421-F8F5F58CE7DF}.mzkit|x86.Build.0 = mzkit|x86
		{9D85A533-26DB-4EBB-8421-F8F5F58CE7DF}.NPSearch|Any CPU.ActiveCfg = NPSearch|Any CPU
		{9D85A533-26DB-4EBB-8421-F8F5F58CE7DF}.NPSearch|Any CPU.Build.0 = NPSearch|Any CPU
		{9D85A533-26DB-4EBB-8421-F8F5F58CE7DF}.NPSearch|ARM32.ActiveCfg = NPSearch|Any CPU
		{9D85A533-26DB-4EBB-8421-F8F5F58CE7DF}.NPSearch|ARM32.Build.0 = NPSearch|Any CPU
		{9D85A533-26DB-4EBB-8421-F8F5F58CE7DF}.NPSearch|x64.ActiveCfg = NPSearch|x64
		{9D85A533-26DB-4EBB-8421-F8F5F58CE7DF}.NPSearch|x64.Build.0 = NPSearch|x64
		{9D85A533-26DB-4EBB-8421-F8F5F58CE7DF}.NPSearch|x86.ActiveCfg = NPSearch|x86
		{9D85A533-26DB-4EBB-8421-F8F5F58CE7DF}.NPSearch|x86.Build.0 = NPSearch|x86
		{9D85A533-26DB-4EBB-8421-F8F5F58CE7DF}.nuget_release|Any CPU.ActiveCfg = nuget_release|Any CPU
		{9D85A533-26DB-4EBB-8421-F8F5F58CE7DF}.nuget_release|Any CPU.Build.0 = nuget_release|Any CPU
		{9D85A533-26DB-4EBB-8421-F8F5F58CE7DF}.nuget_release|ARM32.ActiveCfg = nuget_release|Any CPU
		{9D85A533-26DB-4EBB-8421-F8F5F58CE7DF}.nuget_release|ARM32.Build.0 = nuget_release|Any CPU
		{9D85A533-26DB-4EBB-8421-F8F5F58CE7DF}.nuget_release|x64.ActiveCfg = nuget_release|x64
		{9D85A533-26DB-4EBB-8421-F8F5F58CE7DF}.nuget_release|x64.Build.0 = nuget_release|x64
		{9D85A533-26DB-4EBB-8421-F8F5F58CE7DF}.nuget_release|x86.ActiveCfg = nuget_release|x86
		{9D85A533-26DB-4EBB-8421-F8F5F58CE7DF}.nuget_release|x86.Build.0 = nuget_release|x86
		{9D85A533-26DB-4EBB-8421-F8F5F58CE7DF}.PlantMAT|Any CPU.ActiveCfg = PlantMAT|Any CPU
		{9D85A533-26DB-4EBB-8421-F8F5F58CE7DF}.PlantMAT|Any CPU.Build.0 = PlantMAT|Any CPU
		{9D85A533-26DB-4EBB-8421-F8F5F58CE7DF}.PlantMAT|ARM32.ActiveCfg = PlantMAT|Any CPU
		{9D85A533-26DB-4EBB-8421-F8F5F58CE7DF}.PlantMAT|ARM32.Build.0 = PlantMAT|Any CPU
		{9D85A533-26DB-4EBB-8421-F8F5F58CE7DF}.PlantMAT|x64.ActiveCfg = PlantMAT|x64
		{9D85A533-26DB-4EBB-8421-F8F5F58CE7DF}.PlantMAT|x64.Build.0 = PlantMAT|x64
		{9D85A533-26DB-4EBB-8421-F8F5F58CE7DF}.PlantMAT|x86.ActiveCfg = PlantMAT|x86
		{9D85A533-26DB-4EBB-8421-F8F5F58CE7DF}.PlantMAT|x86.Build.0 = PlantMAT|x86
		{9D85A533-26DB-4EBB-8421-F8F5F58CE7DF}.Release|Any CPU.ActiveCfg = Release|Any CPU
		{9D85A533-26DB-4EBB-8421-F8F5F58CE7DF}.Release|Any CPU.Build.0 = Release|Any CPU
		{9D85A533-26DB-4EBB-8421-F8F5F58CE7DF}.Release|ARM32.ActiveCfg = Release|Any CPU
		{9D85A533-26DB-4EBB-8421-F8F5F58CE7DF}.Release|ARM32.Build.0 = Release|Any CPU
		{9D85A533-26DB-4EBB-8421-F8F5F58CE7DF}.Release|x64.ActiveCfg = Release|x64
		{9D85A533-26DB-4EBB-8421-F8F5F58CE7DF}.Release|x64.Build.0 = Release|x64
		{9D85A533-26DB-4EBB-8421-F8F5F58CE7DF}.Release|x86.ActiveCfg = Release|x86
		{9D85A533-26DB-4EBB-8421-F8F5F58CE7DF}.Release|x86.Build.0 = Release|x86
		{9D85A533-26DB-4EBB-8421-F8F5F58CE7DF}.Rsharp_app_release|Any CPU.ActiveCfg = Rsharp_app_release|Any CPU
		{9D85A533-26DB-4EBB-8421-F8F5F58CE7DF}.Rsharp_app_release|Any CPU.Build.0 = Rsharp_app_release|Any CPU
		{9D85A533-26DB-4EBB-8421-F8F5F58CE7DF}.Rsharp_app_release|ARM32.ActiveCfg = Rsharp_app_release|Any CPU
		{9D85A533-26DB-4EBB-8421-F8F5F58CE7DF}.Rsharp_app_release|ARM32.Build.0 = Rsharp_app_release|Any CPU
		{9D85A533-26DB-4EBB-8421-F8F5F58CE7DF}.Rsharp_app_release|x64.ActiveCfg = Rsharp_app_release|x64
		{9D85A533-26DB-4EBB-8421-F8F5F58CE7DF}.Rsharp_app_release|x64.Build.0 = Rsharp_app_release|x64
		{9D85A533-26DB-4EBB-8421-F8F5F58CE7DF}.Rsharp_app_release|x86.ActiveCfg = Rsharp_app_release|x86
		{9D85A533-26DB-4EBB-8421-F8F5F58CE7DF}.Rsharp_app_release|x86.Build.0 = Rsharp_app_release|x86
		{33C95DD6-F681-4AE5-B9C1-D6DCDE95541C}.CFD_win32|Any CPU.ActiveCfg = CFD_win32|Any CPU
		{33C95DD6-F681-4AE5-B9C1-D6DCDE95541C}.CFD_win32|Any CPU.Build.0 = CFD_win32|Any CPU
		{33C95DD6-F681-4AE5-B9C1-D6DCDE95541C}.CFD_win32|ARM32.ActiveCfg = CFD_win32|Any CPU
		{33C95DD6-F681-4AE5-B9C1-D6DCDE95541C}.CFD_win32|ARM32.Build.0 = CFD_win32|Any CPU
		{33C95DD6-F681-4AE5-B9C1-D6DCDE95541C}.CFD_win32|x64.ActiveCfg = CFD_win32|x64
		{33C95DD6-F681-4AE5-B9C1-D6DCDE95541C}.CFD_win32|x64.Build.0 = CFD_win32|x64
		{33C95DD6-F681-4AE5-B9C1-D6DCDE95541C}.CFD_win32|x86.ActiveCfg = CFD_win32|Any CPU
		{33C95DD6-F681-4AE5-B9C1-D6DCDE95541C}.CFD_win32|x86.Build.0 = CFD_win32|Any CPU
		{33C95DD6-F681-4AE5-B9C1-D6DCDE95541C}.Debug|Any CPU.ActiveCfg = Debug|Any CPU
		{33C95DD6-F681-4AE5-B9C1-D6DCDE95541C}.Debug|Any CPU.Build.0 = Debug|Any CPU
		{33C95DD6-F681-4AE5-B9C1-D6DCDE95541C}.Debug|ARM32.ActiveCfg = Debug|Any CPU
		{33C95DD6-F681-4AE5-B9C1-D6DCDE95541C}.Debug|ARM32.Build.0 = Debug|Any CPU
		{33C95DD6-F681-4AE5-B9C1-D6DCDE95541C}.Debug|x64.ActiveCfg = Debug|x64
		{33C95DD6-F681-4AE5-B9C1-D6DCDE95541C}.Debug|x64.Build.0 = Debug|x64
		{33C95DD6-F681-4AE5-B9C1-D6DCDE95541C}.Debug|x86.ActiveCfg = Debug|Any CPU
		{33C95DD6-F681-4AE5-B9C1-D6DCDE95541C}.Debug|x86.Build.0 = Debug|Any CPU
		{33C95DD6-F681-4AE5-B9C1-D6DCDE95541C}.Desktop|Any CPU.ActiveCfg = Debug|Any CPU
		{33C95DD6-F681-4AE5-B9C1-D6DCDE95541C}.Desktop|Any CPU.Build.0 = Debug|Any CPU
		{33C95DD6-F681-4AE5-B9C1-D6DCDE95541C}.Desktop|ARM32.ActiveCfg = Debug|Any CPU
		{33C95DD6-F681-4AE5-B9C1-D6DCDE95541C}.Desktop|ARM32.Build.0 = Debug|Any CPU
		{33C95DD6-F681-4AE5-B9C1-D6DCDE95541C}.Desktop|x64.ActiveCfg = Debug|x64
		{33C95DD6-F681-4AE5-B9C1-D6DCDE95541C}.Desktop|x64.Build.0 = Debug|x64
		{33C95DD6-F681-4AE5-B9C1-D6DCDE95541C}.Desktop|x86.ActiveCfg = Debug|Any CPU
		{33C95DD6-F681-4AE5-B9C1-D6DCDE95541C}.Desktop|x86.Build.0 = Debug|Any CPU
		{33C95DD6-F681-4AE5-B9C1-D6DCDE95541C}.Docker|Any CPU.ActiveCfg = Debug|Any CPU
		{33C95DD6-F681-4AE5-B9C1-D6DCDE95541C}.Docker|Any CPU.Build.0 = Debug|Any CPU
		{33C95DD6-F681-4AE5-B9C1-D6DCDE95541C}.Docker|ARM32.ActiveCfg = Debug|Any CPU
		{33C95DD6-F681-4AE5-B9C1-D6DCDE95541C}.Docker|ARM32.Build.0 = Debug|Any CPU
		{33C95DD6-F681-4AE5-B9C1-D6DCDE95541C}.Docker|x64.ActiveCfg = Debug|x64
		{33C95DD6-F681-4AE5-B9C1-D6DCDE95541C}.Docker|x64.Build.0 = Debug|x64
		{33C95DD6-F681-4AE5-B9C1-D6DCDE95541C}.Docker|x86.ActiveCfg = Debug|Any CPU
		{33C95DD6-F681-4AE5-B9C1-D6DCDE95541C}.Docker|x86.Build.0 = Debug|Any CPU
		{33C95DD6-F681-4AE5-B9C1-D6DCDE95541C}.gcmodeller_desktop|Any CPU.ActiveCfg = gcmodeller_desktop|Any CPU
		{33C95DD6-F681-4AE5-B9C1-D6DCDE95541C}.gcmodeller_desktop|Any CPU.Build.0 = gcmodeller_desktop|Any CPU
		{33C95DD6-F681-4AE5-B9C1-D6DCDE95541C}.gcmodeller_desktop|ARM32.ActiveCfg = gcmodeller_desktop|Any CPU
		{33C95DD6-F681-4AE5-B9C1-D6DCDE95541C}.gcmodeller_desktop|ARM32.Build.0 = gcmodeller_desktop|Any CPU
		{33C95DD6-F681-4AE5-B9C1-D6DCDE95541C}.gcmodeller_desktop|x64.ActiveCfg = gcmodeller_desktop|x64
		{33C95DD6-F681-4AE5-B9C1-D6DCDE95541C}.gcmodeller_desktop|x64.Build.0 = gcmodeller_desktop|x64
		{33C95DD6-F681-4AE5-B9C1-D6DCDE95541C}.gcmodeller_desktop|x86.ActiveCfg = gcmodeller_desktop|Any CPU
		{33C95DD6-F681-4AE5-B9C1-D6DCDE95541C}.gcmodeller_desktop|x86.Build.0 = gcmodeller_desktop|Any CPU
		{33C95DD6-F681-4AE5-B9C1-D6DCDE95541C}.LipidSearch|Any CPU.ActiveCfg = LipidSearch|Any CPU
		{33C95DD6-F681-4AE5-B9C1-D6DCDE95541C}.LipidSearch|Any CPU.Build.0 = LipidSearch|Any CPU
		{33C95DD6-F681-4AE5-B9C1-D6DCDE95541C}.LipidSearch|ARM32.ActiveCfg = LipidSearch|Any CPU
		{33C95DD6-F681-4AE5-B9C1-D6DCDE95541C}.LipidSearch|ARM32.Build.0 = LipidSearch|Any CPU
		{33C95DD6-F681-4AE5-B9C1-D6DCDE95541C}.LipidSearch|x64.ActiveCfg = LipidSearch|x64
		{33C95DD6-F681-4AE5-B9C1-D6DCDE95541C}.LipidSearch|x64.Build.0 = LipidSearch|x64
		{33C95DD6-F681-4AE5-B9C1-D6DCDE95541C}.LipidSearch|x86.ActiveCfg = LipidSearch|Any CPU
		{33C95DD6-F681-4AE5-B9C1-D6DCDE95541C}.LipidSearch|x86.Build.0 = LipidSearch|Any CPU
		{33C95DD6-F681-4AE5-B9C1-D6DCDE95541C}.mzkit_win32|Any CPU.ActiveCfg = mzkit_win32|Any CPU
		{33C95DD6-F681-4AE5-B9C1-D6DCDE95541C}.mzkit_win32|Any CPU.Build.0 = mzkit_win32|Any CPU
		{33C95DD6-F681-4AE5-B9C1-D6DCDE95541C}.mzkit_win32|ARM32.ActiveCfg = mzkit_win32|Any CPU
		{33C95DD6-F681-4AE5-B9C1-D6DCDE95541C}.mzkit_win32|ARM32.Build.0 = mzkit_win32|Any CPU
		{33C95DD6-F681-4AE5-B9C1-D6DCDE95541C}.mzkit_win32|x64.ActiveCfg = mzkit_win32|x64
		{33C95DD6-F681-4AE5-B9C1-D6DCDE95541C}.mzkit_win32|x64.Build.0 = mzkit_win32|x64
		{33C95DD6-F681-4AE5-B9C1-D6DCDE95541C}.mzkit_win32|x86.ActiveCfg = mzkit_win32|Any CPU
		{33C95DD6-F681-4AE5-B9C1-D6DCDE95541C}.mzkit_win32|x86.Build.0 = mzkit_win32|Any CPU
		{33C95DD6-F681-4AE5-B9C1-D6DCDE95541C}.mzkit|Any CPU.ActiveCfg = mzkit|Any CPU
		{33C95DD6-F681-4AE5-B9C1-D6DCDE95541C}.mzkit|Any CPU.Build.0 = mzkit|Any CPU
		{33C95DD6-F681-4AE5-B9C1-D6DCDE95541C}.mzkit|ARM32.ActiveCfg = mzkit|Any CPU
		{33C95DD6-F681-4AE5-B9C1-D6DCDE95541C}.mzkit|ARM32.Build.0 = mzkit|Any CPU
		{33C95DD6-F681-4AE5-B9C1-D6DCDE95541C}.mzkit|x64.ActiveCfg = mzkit|x64
		{33C95DD6-F681-4AE5-B9C1-D6DCDE95541C}.mzkit|x64.Build.0 = mzkit|x64
		{33C95DD6-F681-4AE5-B9C1-D6DCDE95541C}.mzkit|x86.ActiveCfg = mzkit|Any CPU
		{33C95DD6-F681-4AE5-B9C1-D6DCDE95541C}.mzkit|x86.Build.0 = mzkit|Any CPU
		{33C95DD6-F681-4AE5-B9C1-D6DCDE95541C}.NPSearch|Any CPU.ActiveCfg = NPSearch|Any CPU
		{33C95DD6-F681-4AE5-B9C1-D6DCDE95541C}.NPSearch|Any CPU.Build.0 = NPSearch|Any CPU
		{33C95DD6-F681-4AE5-B9C1-D6DCDE95541C}.NPSearch|ARM32.ActiveCfg = NPSearch|Any CPU
		{33C95DD6-F681-4AE5-B9C1-D6DCDE95541C}.NPSearch|ARM32.Build.0 = NPSearch|Any CPU
		{33C95DD6-F681-4AE5-B9C1-D6DCDE95541C}.NPSearch|x64.ActiveCfg = NPSearch|x64
		{33C95DD6-F681-4AE5-B9C1-D6DCDE95541C}.NPSearch|x64.Build.0 = NPSearch|x64
		{33C95DD6-F681-4AE5-B9C1-D6DCDE95541C}.NPSearch|x86.ActiveCfg = NPSearch|Any CPU
		{33C95DD6-F681-4AE5-B9C1-D6DCDE95541C}.NPSearch|x86.Build.0 = NPSearch|Any CPU
		{33C95DD6-F681-4AE5-B9C1-D6DCDE95541C}.nuget_release|Any CPU.ActiveCfg = nuget_release|Any CPU
		{33C95DD6-F681-4AE5-B9C1-D6DCDE95541C}.nuget_release|Any CPU.Build.0 = nuget_release|Any CPU
		{33C95DD6-F681-4AE5-B9C1-D6DCDE95541C}.nuget_release|ARM32.ActiveCfg = nuget_release|Any CPU
		{33C95DD6-F681-4AE5-B9C1-D6DCDE95541C}.nuget_release|ARM32.Build.0 = nuget_release|Any CPU
		{33C95DD6-F681-4AE5-B9C1-D6DCDE95541C}.nuget_release|x64.ActiveCfg = nuget_release|x64
		{33C95DD6-F681-4AE5-B9C1-D6DCDE95541C}.nuget_release|x64.Build.0 = nuget_release|x64
		{33C95DD6-F681-4AE5-B9C1-D6DCDE95541C}.nuget_release|x86.ActiveCfg = nuget_release|Any CPU
		{33C95DD6-F681-4AE5-B9C1-D6DCDE95541C}.nuget_release|x86.Build.0 = nuget_release|Any CPU
		{33C95DD6-F681-4AE5-B9C1-D6DCDE95541C}.PlantMAT|Any CPU.ActiveCfg = Debug|Any CPU
		{33C95DD6-F681-4AE5-B9C1-D6DCDE95541C}.PlantMAT|Any CPU.Build.0 = Debug|Any CPU
		{33C95DD6-F681-4AE5-B9C1-D6DCDE95541C}.PlantMAT|ARM32.ActiveCfg = Debug|Any CPU
		{33C95DD6-F681-4AE5-B9C1-D6DCDE95541C}.PlantMAT|ARM32.Build.0 = Debug|Any CPU
		{33C95DD6-F681-4AE5-B9C1-D6DCDE95541C}.PlantMAT|x64.ActiveCfg = Debug|x64
		{33C95DD6-F681-4AE5-B9C1-D6DCDE95541C}.PlantMAT|x64.Build.0 = Debug|x64
		{33C95DD6-F681-4AE5-B9C1-D6DCDE95541C}.PlantMAT|x86.ActiveCfg = Debug|Any CPU
		{33C95DD6-F681-4AE5-B9C1-D6DCDE95541C}.PlantMAT|x86.Build.0 = Debug|Any CPU
		{33C95DD6-F681-4AE5-B9C1-D6DCDE95541C}.Release|Any CPU.ActiveCfg = Release|Any CPU
		{33C95DD6-F681-4AE5-B9C1-D6DCDE95541C}.Release|Any CPU.Build.0 = Release|Any CPU
		{33C95DD6-F681-4AE5-B9C1-D6DCDE95541C}.Release|ARM32.ActiveCfg = Release|Any CPU
		{33C95DD6-F681-4AE5-B9C1-D6DCDE95541C}.Release|ARM32.Build.0 = Release|Any CPU
		{33C95DD6-F681-4AE5-B9C1-D6DCDE95541C}.Release|x64.ActiveCfg = Release|x64
		{33C95DD6-F681-4AE5-B9C1-D6DCDE95541C}.Release|x64.Build.0 = Release|x64
		{33C95DD6-F681-4AE5-B9C1-D6DCDE95541C}.Release|x86.ActiveCfg = Release|Any CPU
		{33C95DD6-F681-4AE5-B9C1-D6DCDE95541C}.Release|x86.Build.0 = Release|Any CPU
		{33C95DD6-F681-4AE5-B9C1-D6DCDE95541C}.Rsharp_app_release|Any CPU.ActiveCfg = Rsharp_app_release|Any CPU
		{33C95DD6-F681-4AE5-B9C1-D6DCDE95541C}.Rsharp_app_release|Any CPU.Build.0 = Rsharp_app_release|Any CPU
		{33C95DD6-F681-4AE5-B9C1-D6DCDE95541C}.Rsharp_app_release|ARM32.ActiveCfg = Rsharp_app_release|Any CPU
		{33C95DD6-F681-4AE5-B9C1-D6DCDE95541C}.Rsharp_app_release|ARM32.Build.0 = Rsharp_app_release|Any CPU
		{33C95DD6-F681-4AE5-B9C1-D6DCDE95541C}.Rsharp_app_release|x64.ActiveCfg = Rsharp_app_release|x64
		{33C95DD6-F681-4AE5-B9C1-D6DCDE95541C}.Rsharp_app_release|x64.Build.0 = Rsharp_app_release|x64
		{33C95DD6-F681-4AE5-B9C1-D6DCDE95541C}.Rsharp_app_release|x86.ActiveCfg = Rsharp_app_release|Any CPU
		{33C95DD6-F681-4AE5-B9C1-D6DCDE95541C}.Rsharp_app_release|x86.Build.0 = Rsharp_app_release|Any CPU
		{CEDEBAE2-00CF-4CC4-AE11-667F2288FA08}.CFD_win32|Any CPU.ActiveCfg = Debug|Any CPU
		{CEDEBAE2-00CF-4CC4-AE11-667F2288FA08}.CFD_win32|Any CPU.Build.0 = Debug|Any CPU
		{CEDEBAE2-00CF-4CC4-AE11-667F2288FA08}.CFD_win32|ARM32.ActiveCfg = Debug|Any CPU
		{CEDEBAE2-00CF-4CC4-AE11-667F2288FA08}.CFD_win32|ARM32.Build.0 = Debug|Any CPU
		{CEDEBAE2-00CF-4CC4-AE11-667F2288FA08}.CFD_win32|x64.ActiveCfg = Debug|x64
		{CEDEBAE2-00CF-4CC4-AE11-667F2288FA08}.CFD_win32|x64.Build.0 = Debug|x64
		{CEDEBAE2-00CF-4CC4-AE11-667F2288FA08}.CFD_win32|x86.ActiveCfg = Debug|Any CPU
		{CEDEBAE2-00CF-4CC4-AE11-667F2288FA08}.CFD_win32|x86.Build.0 = Debug|Any CPU
		{CEDEBAE2-00CF-4CC4-AE11-667F2288FA08}.Debug|Any CPU.ActiveCfg = Debug|Any CPU
		{CEDEBAE2-00CF-4CC4-AE11-667F2288FA08}.Debug|Any CPU.Build.0 = Debug|Any CPU
		{CEDEBAE2-00CF-4CC4-AE11-667F2288FA08}.Debug|ARM32.ActiveCfg = Debug|Any CPU
		{CEDEBAE2-00CF-4CC4-AE11-667F2288FA08}.Debug|ARM32.Build.0 = Debug|Any CPU
		{CEDEBAE2-00CF-4CC4-AE11-667F2288FA08}.Debug|x64.ActiveCfg = Debug|x64
		{CEDEBAE2-00CF-4CC4-AE11-667F2288FA08}.Debug|x64.Build.0 = Debug|x64
		{CEDEBAE2-00CF-4CC4-AE11-667F2288FA08}.Debug|x86.ActiveCfg = Debug|Any CPU
		{CEDEBAE2-00CF-4CC4-AE11-667F2288FA08}.Debug|x86.Build.0 = Debug|Any CPU
		{CEDEBAE2-00CF-4CC4-AE11-667F2288FA08}.Desktop|Any CPU.ActiveCfg = Debug|Any CPU
		{CEDEBAE2-00CF-4CC4-AE11-667F2288FA08}.Desktop|Any CPU.Build.0 = Debug|Any CPU
		{CEDEBAE2-00CF-4CC4-AE11-667F2288FA08}.Desktop|ARM32.ActiveCfg = Debug|Any CPU
		{CEDEBAE2-00CF-4CC4-AE11-667F2288FA08}.Desktop|ARM32.Build.0 = Debug|Any CPU
		{CEDEBAE2-00CF-4CC4-AE11-667F2288FA08}.Desktop|x64.ActiveCfg = Debug|x64
		{CEDEBAE2-00CF-4CC4-AE11-667F2288FA08}.Desktop|x64.Build.0 = Debug|x64
		{CEDEBAE2-00CF-4CC4-AE11-667F2288FA08}.Desktop|x86.ActiveCfg = Debug|Any CPU
		{CEDEBAE2-00CF-4CC4-AE11-667F2288FA08}.Desktop|x86.Build.0 = Debug|Any CPU
		{CEDEBAE2-00CF-4CC4-AE11-667F2288FA08}.Docker|Any CPU.ActiveCfg = Debug|Any CPU
		{CEDEBAE2-00CF-4CC4-AE11-667F2288FA08}.Docker|Any CPU.Build.0 = Debug|Any CPU
		{CEDEBAE2-00CF-4CC4-AE11-667F2288FA08}.Docker|ARM32.ActiveCfg = Debug|Any CPU
		{CEDEBAE2-00CF-4CC4-AE11-667F2288FA08}.Docker|ARM32.Build.0 = Debug|Any CPU
		{CEDEBAE2-00CF-4CC4-AE11-667F2288FA08}.Docker|x64.ActiveCfg = Debug|x64
		{CEDEBAE2-00CF-4CC4-AE11-667F2288FA08}.Docker|x64.Build.0 = Debug|x64
		{CEDEBAE2-00CF-4CC4-AE11-667F2288FA08}.Docker|x86.ActiveCfg = Debug|Any CPU
		{CEDEBAE2-00CF-4CC4-AE11-667F2288FA08}.Docker|x86.Build.0 = Debug|Any CPU
		{CEDEBAE2-00CF-4CC4-AE11-667F2288FA08}.gcmodeller_desktop|Any CPU.ActiveCfg = gcmodeller_desktop|Any CPU
		{CEDEBAE2-00CF-4CC4-AE11-667F2288FA08}.gcmodeller_desktop|Any CPU.Build.0 = gcmodeller_desktop|Any CPU
		{CEDEBAE2-00CF-4CC4-AE11-667F2288FA08}.gcmodeller_desktop|ARM32.ActiveCfg = gcmodeller_desktop|Any CPU
		{CEDEBAE2-00CF-4CC4-AE11-667F2288FA08}.gcmodeller_desktop|ARM32.Build.0 = gcmodeller_desktop|Any CPU
		{CEDEBAE2-00CF-4CC4-AE11-667F2288FA08}.gcmodeller_desktop|x64.ActiveCfg = gcmodeller_desktop|x64
		{CEDEBAE2-00CF-4CC4-AE11-667F2288FA08}.gcmodeller_desktop|x64.Build.0 = gcmodeller_desktop|x64
		{CEDEBAE2-00CF-4CC4-AE11-667F2288FA08}.gcmodeller_desktop|x86.ActiveCfg = gcmodeller_desktop|Any CPU
		{CEDEBAE2-00CF-4CC4-AE11-667F2288FA08}.gcmodeller_desktop|x86.Build.0 = gcmodeller_desktop|Any CPU
		{CEDEBAE2-00CF-4CC4-AE11-667F2288FA08}.LipidSearch|Any CPU.ActiveCfg = LipidSearch|Any CPU
		{CEDEBAE2-00CF-4CC4-AE11-667F2288FA08}.LipidSearch|Any CPU.Build.0 = LipidSearch|Any CPU
		{CEDEBAE2-00CF-4CC4-AE11-667F2288FA08}.LipidSearch|ARM32.ActiveCfg = LipidSearch|Any CPU
		{CEDEBAE2-00CF-4CC4-AE11-667F2288FA08}.LipidSearch|ARM32.Build.0 = LipidSearch|Any CPU
		{CEDEBAE2-00CF-4CC4-AE11-667F2288FA08}.LipidSearch|x64.ActiveCfg = LipidSearch|x64
		{CEDEBAE2-00CF-4CC4-AE11-667F2288FA08}.LipidSearch|x64.Build.0 = LipidSearch|x64
		{CEDEBAE2-00CF-4CC4-AE11-667F2288FA08}.LipidSearch|x86.ActiveCfg = LipidSearch|Any CPU
		{CEDEBAE2-00CF-4CC4-AE11-667F2288FA08}.LipidSearch|x86.Build.0 = LipidSearch|Any CPU
		{CEDEBAE2-00CF-4CC4-AE11-667F2288FA08}.mzkit_win32|Any CPU.ActiveCfg = mzkit_win32|Any CPU
		{CEDEBAE2-00CF-4CC4-AE11-667F2288FA08}.mzkit_win32|Any CPU.Build.0 = mzkit_win32|Any CPU
		{CEDEBAE2-00CF-4CC4-AE11-667F2288FA08}.mzkit_win32|ARM32.ActiveCfg = mzkit_win32|Any CPU
		{CEDEBAE2-00CF-4CC4-AE11-667F2288FA08}.mzkit_win32|ARM32.Build.0 = mzkit_win32|Any CPU
		{CEDEBAE2-00CF-4CC4-AE11-667F2288FA08}.mzkit_win32|x64.ActiveCfg = mzkit_win32|x64
		{CEDEBAE2-00CF-4CC4-AE11-667F2288FA08}.mzkit_win32|x64.Build.0 = mzkit_win32|x64
		{CEDEBAE2-00CF-4CC4-AE11-667F2288FA08}.mzkit_win32|x86.ActiveCfg = mzkit_win32|Any CPU
		{CEDEBAE2-00CF-4CC4-AE11-667F2288FA08}.mzkit_win32|x86.Build.0 = mzkit_win32|Any CPU
		{CEDEBAE2-00CF-4CC4-AE11-667F2288FA08}.mzkit|Any CPU.ActiveCfg = mzkit_win32|Any CPU
		{CEDEBAE2-00CF-4CC4-AE11-667F2288FA08}.mzkit|Any CPU.Build.0 = mzkit_win32|Any CPU
		{CEDEBAE2-00CF-4CC4-AE11-667F2288FA08}.mzkit|ARM32.ActiveCfg = mzkit_win32|Any CPU
		{CEDEBAE2-00CF-4CC4-AE11-667F2288FA08}.mzkit|ARM32.Build.0 = mzkit_win32|Any CPU
		{CEDEBAE2-00CF-4CC4-AE11-667F2288FA08}.mzkit|x64.ActiveCfg = mzkit_win32|x64
		{CEDEBAE2-00CF-4CC4-AE11-667F2288FA08}.mzkit|x64.Build.0 = mzkit_win32|x64
		{CEDEBAE2-00CF-4CC4-AE11-667F2288FA08}.mzkit|x86.ActiveCfg = mzkit_win32|Any CPU
		{CEDEBAE2-00CF-4CC4-AE11-667F2288FA08}.mzkit|x86.Build.0 = mzkit_win32|Any CPU
		{CEDEBAE2-00CF-4CC4-AE11-667F2288FA08}.NPSearch|Any CPU.ActiveCfg = nuget_release|Any CPU
		{CEDEBAE2-00CF-4CC4-AE11-667F2288FA08}.NPSearch|Any CPU.Build.0 = nuget_release|Any CPU
		{CEDEBAE2-00CF-4CC4-AE11-667F2288FA08}.NPSearch|ARM32.ActiveCfg = nuget_release|Any CPU
		{CEDEBAE2-00CF-4CC4-AE11-667F2288FA08}.NPSearch|ARM32.Build.0 = nuget_release|Any CPU
		{CEDEBAE2-00CF-4CC4-AE11-667F2288FA08}.NPSearch|x64.ActiveCfg = nuget_release|x64
		{CEDEBAE2-00CF-4CC4-AE11-667F2288FA08}.NPSearch|x64.Build.0 = nuget_release|x64
		{CEDEBAE2-00CF-4CC4-AE11-667F2288FA08}.NPSearch|x86.ActiveCfg = nuget_release|Any CPU
		{CEDEBAE2-00CF-4CC4-AE11-667F2288FA08}.NPSearch|x86.Build.0 = nuget_release|Any CPU
		{CEDEBAE2-00CF-4CC4-AE11-667F2288FA08}.nuget_release|Any CPU.ActiveCfg = nuget_release|Any CPU
		{CEDEBAE2-00CF-4CC4-AE11-667F2288FA08}.nuget_release|Any CPU.Build.0 = nuget_release|Any CPU
		{CEDEBAE2-00CF-4CC4-AE11-667F2288FA08}.nuget_release|ARM32.ActiveCfg = nuget_release|Any CPU
		{CEDEBAE2-00CF-4CC4-AE11-667F2288FA08}.nuget_release|ARM32.Build.0 = nuget_release|Any CPU
		{CEDEBAE2-00CF-4CC4-AE11-667F2288FA08}.nuget_release|x64.ActiveCfg = nuget_release|x64
		{CEDEBAE2-00CF-4CC4-AE11-667F2288FA08}.nuget_release|x64.Build.0 = nuget_release|x64
		{CEDEBAE2-00CF-4CC4-AE11-667F2288FA08}.nuget_release|x86.ActiveCfg = nuget_release|Any CPU
		{CEDEBAE2-00CF-4CC4-AE11-667F2288FA08}.nuget_release|x86.Build.0 = nuget_release|Any CPU
		{CEDEBAE2-00CF-4CC4-AE11-667F2288FA08}.PlantMAT|Any CPU.ActiveCfg = Debug|Any CPU
		{CEDEBAE2-00CF-4CC4-AE11-667F2288FA08}.PlantMAT|Any CPU.Build.0 = Debug|Any CPU
		{CEDEBAE2-00CF-4CC4-AE11-667F2288FA08}.PlantMAT|ARM32.ActiveCfg = Debug|Any CPU
		{CEDEBAE2-00CF-4CC4-AE11-667F2288FA08}.PlantMAT|ARM32.Build.0 = Debug|Any CPU
		{CEDEBAE2-00CF-4CC4-AE11-667F2288FA08}.PlantMAT|x64.ActiveCfg = Debug|x64
		{CEDEBAE2-00CF-4CC4-AE11-667F2288FA08}.PlantMAT|x64.Build.0 = Debug|x64
		{CEDEBAE2-00CF-4CC4-AE11-667F2288FA08}.PlantMAT|x86.ActiveCfg = Debug|Any CPU
		{CEDEBAE2-00CF-4CC4-AE11-667F2288FA08}.PlantMAT|x86.Build.0 = Debug|Any CPU
		{CEDEBAE2-00CF-4CC4-AE11-667F2288FA08}.Release|Any CPU.ActiveCfg = Release|Any CPU
		{CEDEBAE2-00CF-4CC4-AE11-667F2288FA08}.Release|Any CPU.Build.0 = Release|Any CPU
		{CEDEBAE2-00CF-4CC4-AE11-667F2288FA08}.Release|ARM32.ActiveCfg = Release|Any CPU
		{CEDEBAE2-00CF-4CC4-AE11-667F2288FA08}.Release|ARM32.Build.0 = Release|Any CPU
		{CEDEBAE2-00CF-4CC4-AE11-667F2288FA08}.Release|x64.ActiveCfg = Release|x64
		{CEDEBAE2-00CF-4CC4-AE11-667F2288FA08}.Release|x64.Build.0 = Release|x64
		{CEDEBAE2-00CF-4CC4-AE11-667F2288FA08}.Release|x86.ActiveCfg = Release|Any CPU
		{CEDEBAE2-00CF-4CC4-AE11-667F2288FA08}.Release|x86.Build.0 = Release|Any CPU
		{CEDEBAE2-00CF-4CC4-AE11-667F2288FA08}.Rsharp_app_release|Any CPU.ActiveCfg = Rsharp_app_release|Any CPU
		{CEDEBAE2-00CF-4CC4-AE11-667F2288FA08}.Rsharp_app_release|Any CPU.Build.0 = Rsharp_app_release|Any CPU
		{CEDEBAE2-00CF-4CC4-AE11-667F2288FA08}.Rsharp_app_release|ARM32.ActiveCfg = Rsharp_app_release|Any CPU
		{CEDEBAE2-00CF-4CC4-AE11-667F2288FA08}.Rsharp_app_release|ARM32.Build.0 = Rsharp_app_release|Any CPU
		{CEDEBAE2-00CF-4CC4-AE11-667F2288FA08}.Rsharp_app_release|x64.ActiveCfg = Rsharp_app_release|x64
		{CEDEBAE2-00CF-4CC4-AE11-667F2288FA08}.Rsharp_app_release|x64.Build.0 = Rsharp_app_release|x64
		{CEDEBAE2-00CF-4CC4-AE11-667F2288FA08}.Rsharp_app_release|x86.ActiveCfg = Rsharp_app_release|Any CPU
		{CEDEBAE2-00CF-4CC4-AE11-667F2288FA08}.Rsharp_app_release|x86.Build.0 = Rsharp_app_release|Any CPU
		{855DE8BD-EF0D-4BFB-8ACE-DAB7315EEFE5}.CFD_win32|Any CPU.ActiveCfg = CFD_win32|Any CPU
		{855DE8BD-EF0D-4BFB-8ACE-DAB7315EEFE5}.CFD_win32|Any CPU.Build.0 = CFD_win32|Any CPU
		{855DE8BD-EF0D-4BFB-8ACE-DAB7315EEFE5}.CFD_win32|ARM32.ActiveCfg = CFD_win32|Any CPU
		{855DE8BD-EF0D-4BFB-8ACE-DAB7315EEFE5}.CFD_win32|ARM32.Build.0 = CFD_win32|Any CPU
		{855DE8BD-EF0D-4BFB-8ACE-DAB7315EEFE5}.CFD_win32|x64.ActiveCfg = CFD_win32|x64
		{855DE8BD-EF0D-4BFB-8ACE-DAB7315EEFE5}.CFD_win32|x64.Build.0 = CFD_win32|x64
		{855DE8BD-EF0D-4BFB-8ACE-DAB7315EEFE5}.CFD_win32|x86.ActiveCfg = CFD_win32|Any CPU
		{855DE8BD-EF0D-4BFB-8ACE-DAB7315EEFE5}.CFD_win32|x86.Build.0 = CFD_win32|Any CPU
		{855DE8BD-EF0D-4BFB-8ACE-DAB7315EEFE5}.Debug|Any CPU.ActiveCfg = Debug|Any CPU
		{855DE8BD-EF0D-4BFB-8ACE-DAB7315EEFE5}.Debug|Any CPU.Build.0 = Debug|Any CPU
		{855DE8BD-EF0D-4BFB-8ACE-DAB7315EEFE5}.Debug|ARM32.ActiveCfg = Debug|Any CPU
		{855DE8BD-EF0D-4BFB-8ACE-DAB7315EEFE5}.Debug|ARM32.Build.0 = Debug|Any CPU
		{855DE8BD-EF0D-4BFB-8ACE-DAB7315EEFE5}.Debug|x64.ActiveCfg = Debug|x64
		{855DE8BD-EF0D-4BFB-8ACE-DAB7315EEFE5}.Debug|x64.Build.0 = Debug|x64
		{855DE8BD-EF0D-4BFB-8ACE-DAB7315EEFE5}.Debug|x86.ActiveCfg = Debug|Any CPU
		{855DE8BD-EF0D-4BFB-8ACE-DAB7315EEFE5}.Debug|x86.Build.0 = Debug|Any CPU
		{855DE8BD-EF0D-4BFB-8ACE-DAB7315EEFE5}.Desktop|Any CPU.ActiveCfg = Debug|Any CPU
		{855DE8BD-EF0D-4BFB-8ACE-DAB7315EEFE5}.Desktop|Any CPU.Build.0 = Debug|Any CPU
		{855DE8BD-EF0D-4BFB-8ACE-DAB7315EEFE5}.Desktop|ARM32.ActiveCfg = Debug|Any CPU
		{855DE8BD-EF0D-4BFB-8ACE-DAB7315EEFE5}.Desktop|ARM32.Build.0 = Debug|Any CPU
		{855DE8BD-EF0D-4BFB-8ACE-DAB7315EEFE5}.Desktop|x64.ActiveCfg = Debug|x64
		{855DE8BD-EF0D-4BFB-8ACE-DAB7315EEFE5}.Desktop|x64.Build.0 = Debug|x64
		{855DE8BD-EF0D-4BFB-8ACE-DAB7315EEFE5}.Desktop|x86.ActiveCfg = Debug|Any CPU
		{855DE8BD-EF0D-4BFB-8ACE-DAB7315EEFE5}.Desktop|x86.Build.0 = Debug|Any CPU
		{855DE8BD-EF0D-4BFB-8ACE-DAB7315EEFE5}.Docker|Any CPU.ActiveCfg = Debug|Any CPU
		{855DE8BD-EF0D-4BFB-8ACE-DAB7315EEFE5}.Docker|Any CPU.Build.0 = Debug|Any CPU
		{855DE8BD-EF0D-4BFB-8ACE-DAB7315EEFE5}.Docker|ARM32.ActiveCfg = Debug|Any CPU
		{855DE8BD-EF0D-4BFB-8ACE-DAB7315EEFE5}.Docker|ARM32.Build.0 = Debug|Any CPU
		{855DE8BD-EF0D-4BFB-8ACE-DAB7315EEFE5}.Docker|x64.ActiveCfg = Debug|x64
		{855DE8BD-EF0D-4BFB-8ACE-DAB7315EEFE5}.Docker|x64.Build.0 = Debug|x64
		{855DE8BD-EF0D-4BFB-8ACE-DAB7315EEFE5}.Docker|x86.ActiveCfg = Debug|Any CPU
		{855DE8BD-EF0D-4BFB-8ACE-DAB7315EEFE5}.Docker|x86.Build.0 = Debug|Any CPU
		{855DE8BD-EF0D-4BFB-8ACE-DAB7315EEFE5}.gcmodeller_desktop|Any CPU.ActiveCfg = gcmodeller_desktop|Any CPU
		{855DE8BD-EF0D-4BFB-8ACE-DAB7315EEFE5}.gcmodeller_desktop|Any CPU.Build.0 = gcmodeller_desktop|Any CPU
		{855DE8BD-EF0D-4BFB-8ACE-DAB7315EEFE5}.gcmodeller_desktop|ARM32.ActiveCfg = gcmodeller_desktop|Any CPU
		{855DE8BD-EF0D-4BFB-8ACE-DAB7315EEFE5}.gcmodeller_desktop|ARM32.Build.0 = gcmodeller_desktop|Any CPU
		{855DE8BD-EF0D-4BFB-8ACE-DAB7315EEFE5}.gcmodeller_desktop|x64.ActiveCfg = gcmodeller_desktop|x64
		{855DE8BD-EF0D-4BFB-8ACE-DAB7315EEFE5}.gcmodeller_desktop|x64.Build.0 = gcmodeller_desktop|x64
		{855DE8BD-EF0D-4BFB-8ACE-DAB7315EEFE5}.gcmodeller_desktop|x86.ActiveCfg = gcmodeller_desktop|Any CPU
		{855DE8BD-EF0D-4BFB-8ACE-DAB7315EEFE5}.gcmodeller_desktop|x86.Build.0 = gcmodeller_desktop|Any CPU
		{855DE8BD-EF0D-4BFB-8ACE-DAB7315EEFE5}.LipidSearch|Any CPU.ActiveCfg = LipidSearch|Any CPU
		{855DE8BD-EF0D-4BFB-8ACE-DAB7315EEFE5}.LipidSearch|Any CPU.Build.0 = LipidSearch|Any CPU
		{855DE8BD-EF0D-4BFB-8ACE-DAB7315EEFE5}.LipidSearch|ARM32.ActiveCfg = LipidSearch|Any CPU
		{855DE8BD-EF0D-4BFB-8ACE-DAB7315EEFE5}.LipidSearch|ARM32.Build.0 = LipidSearch|Any CPU
		{855DE8BD-EF0D-4BFB-8ACE-DAB7315EEFE5}.LipidSearch|x64.ActiveCfg = LipidSearch|x64
		{855DE8BD-EF0D-4BFB-8ACE-DAB7315EEFE5}.LipidSearch|x64.Build.0 = LipidSearch|x64
		{855DE8BD-EF0D-4BFB-8ACE-DAB7315EEFE5}.LipidSearch|x86.ActiveCfg = LipidSearch|Any CPU
		{855DE8BD-EF0D-4BFB-8ACE-DAB7315EEFE5}.LipidSearch|x86.Build.0 = LipidSearch|Any CPU
		{855DE8BD-EF0D-4BFB-8ACE-DAB7315EEFE5}.mzkit_win32|Any CPU.ActiveCfg = mzkit_win32|Any CPU
		{855DE8BD-EF0D-4BFB-8ACE-DAB7315EEFE5}.mzkit_win32|Any CPU.Build.0 = mzkit_win32|Any CPU
		{855DE8BD-EF0D-4BFB-8ACE-DAB7315EEFE5}.mzkit_win32|ARM32.ActiveCfg = mzkit_win32|Any CPU
		{855DE8BD-EF0D-4BFB-8ACE-DAB7315EEFE5}.mzkit_win32|ARM32.Build.0 = mzkit_win32|Any CPU
		{855DE8BD-EF0D-4BFB-8ACE-DAB7315EEFE5}.mzkit_win32|x64.ActiveCfg = mzkit_win32|x64
		{855DE8BD-EF0D-4BFB-8ACE-DAB7315EEFE5}.mzkit_win32|x64.Build.0 = mzkit_win32|x64
		{855DE8BD-EF0D-4BFB-8ACE-DAB7315EEFE5}.mzkit_win32|x86.ActiveCfg = mzkit_win32|Any CPU
		{855DE8BD-EF0D-4BFB-8ACE-DAB7315EEFE5}.mzkit_win32|x86.Build.0 = mzkit_win32|Any CPU
		{855DE8BD-EF0D-4BFB-8ACE-DAB7315EEFE5}.mzkit|Any CPU.ActiveCfg = mzkit|Any CPU
		{855DE8BD-EF0D-4BFB-8ACE-DAB7315EEFE5}.mzkit|Any CPU.Build.0 = mzkit|Any CPU
		{855DE8BD-EF0D-4BFB-8ACE-DAB7315EEFE5}.mzkit|ARM32.ActiveCfg = mzkit|Any CPU
		{855DE8BD-EF0D-4BFB-8ACE-DAB7315EEFE5}.mzkit|ARM32.Build.0 = mzkit|Any CPU
		{855DE8BD-EF0D-4BFB-8ACE-DAB7315EEFE5}.mzkit|x64.ActiveCfg = mzkit|x64
		{855DE8BD-EF0D-4BFB-8ACE-DAB7315EEFE5}.mzkit|x64.Build.0 = mzkit|x64
		{855DE8BD-EF0D-4BFB-8ACE-DAB7315EEFE5}.mzkit|x86.ActiveCfg = mzkit|Any CPU
		{855DE8BD-EF0D-4BFB-8ACE-DAB7315EEFE5}.mzkit|x86.Build.0 = mzkit|Any CPU
		{855DE8BD-EF0D-4BFB-8ACE-DAB7315EEFE5}.NPSearch|Any CPU.ActiveCfg = NPSearch|Any CPU
		{855DE8BD-EF0D-4BFB-8ACE-DAB7315EEFE5}.NPSearch|Any CPU.Build.0 = NPSearch|Any CPU
		{855DE8BD-EF0D-4BFB-8ACE-DAB7315EEFE5}.NPSearch|ARM32.ActiveCfg = NPSearch|Any CPU
		{855DE8BD-EF0D-4BFB-8ACE-DAB7315EEFE5}.NPSearch|ARM32.Build.0 = NPSearch|Any CPU
		{855DE8BD-EF0D-4BFB-8ACE-DAB7315EEFE5}.NPSearch|x64.ActiveCfg = NPSearch|x64
		{855DE8BD-EF0D-4BFB-8ACE-DAB7315EEFE5}.NPSearch|x64.Build.0 = NPSearch|x64
		{855DE8BD-EF0D-4BFB-8ACE-DAB7315EEFE5}.NPSearch|x86.ActiveCfg = NPSearch|Any CPU
		{855DE8BD-EF0D-4BFB-8ACE-DAB7315EEFE5}.NPSearch|x86.Build.0 = NPSearch|Any CPU
		{855DE8BD-EF0D-4BFB-8ACE-DAB7315EEFE5}.nuget_release|Any CPU.ActiveCfg = nuget_release|Any CPU
		{855DE8BD-EF0D-4BFB-8ACE-DAB7315EEFE5}.nuget_release|Any CPU.Build.0 = nuget_release|Any CPU
		{855DE8BD-EF0D-4BFB-8ACE-DAB7315EEFE5}.nuget_release|ARM32.ActiveCfg = nuget_release|Any CPU
		{855DE8BD-EF0D-4BFB-8ACE-DAB7315EEFE5}.nuget_release|ARM32.Build.0 = nuget_release|Any CPU
		{855DE8BD-EF0D-4BFB-8ACE-DAB7315EEFE5}.nuget_release|x64.ActiveCfg = nuget_release|x64
		{855DE8BD-EF0D-4BFB-8ACE-DAB7315EEFE5}.nuget_release|x64.Build.0 = nuget_release|x64
		{855DE8BD-EF0D-4BFB-8ACE-DAB7315EEFE5}.nuget_release|x86.ActiveCfg = nuget_release|Any CPU
		{855DE8BD-EF0D-4BFB-8ACE-DAB7315EEFE5}.nuget_release|x86.Build.0 = nuget_release|Any CPU
		{855DE8BD-EF0D-4BFB-8ACE-DAB7315EEFE5}.PlantMAT|Any CPU.ActiveCfg = Debug|Any CPU
		{855DE8BD-EF0D-4BFB-8ACE-DAB7315EEFE5}.PlantMAT|Any CPU.Build.0 = Debug|Any CPU
		{855DE8BD-EF0D-4BFB-8ACE-DAB7315EEFE5}.PlantMAT|ARM32.ActiveCfg = Debug|Any CPU
		{855DE8BD-EF0D-4BFB-8ACE-DAB7315EEFE5}.PlantMAT|ARM32.Build.0 = Debug|Any CPU
		{855DE8BD-EF0D-4BFB-8ACE-DAB7315EEFE5}.PlantMAT|x64.ActiveCfg = Debug|x64
		{855DE8BD-EF0D-4BFB-8ACE-DAB7315EEFE5}.PlantMAT|x64.Build.0 = Debug|x64
		{855DE8BD-EF0D-4BFB-8ACE-DAB7315EEFE5}.PlantMAT|x86.ActiveCfg = Debug|Any CPU
		{855DE8BD-EF0D-4BFB-8ACE-DAB7315EEFE5}.PlantMAT|x86.Build.0 = Debug|Any CPU
		{855DE8BD-EF0D-4BFB-8ACE-DAB7315EEFE5}.Release|Any CPU.ActiveCfg = Release|Any CPU
		{855DE8BD-EF0D-4BFB-8ACE-DAB7315EEFE5}.Release|Any CPU.Build.0 = Release|Any CPU
		{855DE8BD-EF0D-4BFB-8ACE-DAB7315EEFE5}.Release|ARM32.ActiveCfg = Release|Any CPU
		{855DE8BD-EF0D-4BFB-8ACE-DAB7315EEFE5}.Release|ARM32.Build.0 = Release|Any CPU
		{855DE8BD-EF0D-4BFB-8ACE-DAB7315EEFE5}.Release|x64.ActiveCfg = Release|x64
		{855DE8BD-EF0D-4BFB-8ACE-DAB7315EEFE5}.Release|x64.Build.0 = Release|x64
		{855DE8BD-EF0D-4BFB-8ACE-DAB7315EEFE5}.Release|x86.ActiveCfg = Release|Any CPU
		{855DE8BD-EF0D-4BFB-8ACE-DAB7315EEFE5}.Release|x86.Build.0 = Release|Any CPU
		{855DE8BD-EF0D-4BFB-8ACE-DAB7315EEFE5}.Rsharp_app_release|Any CPU.ActiveCfg = Rsharp_app_release|Any CPU
		{855DE8BD-EF0D-4BFB-8ACE-DAB7315EEFE5}.Rsharp_app_release|Any CPU.Build.0 = Rsharp_app_release|Any CPU
		{855DE8BD-EF0D-4BFB-8ACE-DAB7315EEFE5}.Rsharp_app_release|ARM32.ActiveCfg = Rsharp_app_release|Any CPU
		{855DE8BD-EF0D-4BFB-8ACE-DAB7315EEFE5}.Rsharp_app_release|ARM32.Build.0 = Rsharp_app_release|Any CPU
		{855DE8BD-EF0D-4BFB-8ACE-DAB7315EEFE5}.Rsharp_app_release|x64.ActiveCfg = Rsharp_app_release|x64
		{855DE8BD-EF0D-4BFB-8ACE-DAB7315EEFE5}.Rsharp_app_release|x64.Build.0 = Rsharp_app_release|x64
		{855DE8BD-EF0D-4BFB-8ACE-DAB7315EEFE5}.Rsharp_app_release|x86.ActiveCfg = Rsharp_app_release|Any CPU
		{855DE8BD-EF0D-4BFB-8ACE-DAB7315EEFE5}.Rsharp_app_release|x86.Build.0 = Rsharp_app_release|Any CPU
		{0A0990D7-EF91-4193-AD0B-B4547BE3B6E8}.CFD_win32|Any CPU.ActiveCfg = CFD_win32|Any CPU
		{0A0990D7-EF91-4193-AD0B-B4547BE3B6E8}.CFD_win32|Any CPU.Build.0 = CFD_win32|Any CPU
		{0A0990D7-EF91-4193-AD0B-B4547BE3B6E8}.CFD_win32|ARM32.ActiveCfg = CFD_win32|Any CPU
		{0A0990D7-EF91-4193-AD0B-B4547BE3B6E8}.CFD_win32|ARM32.Build.0 = CFD_win32|Any CPU
		{0A0990D7-EF91-4193-AD0B-B4547BE3B6E8}.CFD_win32|x64.ActiveCfg = CFD_win32|x64
		{0A0990D7-EF91-4193-AD0B-B4547BE3B6E8}.CFD_win32|x64.Build.0 = CFD_win32|x64
		{0A0990D7-EF91-4193-AD0B-B4547BE3B6E8}.CFD_win32|x86.ActiveCfg = CFD_win32|Any CPU
		{0A0990D7-EF91-4193-AD0B-B4547BE3B6E8}.CFD_win32|x86.Build.0 = CFD_win32|Any CPU
		{0A0990D7-EF91-4193-AD0B-B4547BE3B6E8}.Debug|Any CPU.ActiveCfg = Debug|Any CPU
		{0A0990D7-EF91-4193-AD0B-B4547BE3B6E8}.Debug|Any CPU.Build.0 = Debug|Any CPU
		{0A0990D7-EF91-4193-AD0B-B4547BE3B6E8}.Debug|ARM32.ActiveCfg = Debug|Any CPU
		{0A0990D7-EF91-4193-AD0B-B4547BE3B6E8}.Debug|ARM32.Build.0 = Debug|Any CPU
		{0A0990D7-EF91-4193-AD0B-B4547BE3B6E8}.Debug|x64.ActiveCfg = Debug|x64
		{0A0990D7-EF91-4193-AD0B-B4547BE3B6E8}.Debug|x64.Build.0 = Debug|x64
		{0A0990D7-EF91-4193-AD0B-B4547BE3B6E8}.Debug|x86.ActiveCfg = Debug|Any CPU
		{0A0990D7-EF91-4193-AD0B-B4547BE3B6E8}.Debug|x86.Build.0 = Debug|Any CPU
		{0A0990D7-EF91-4193-AD0B-B4547BE3B6E8}.Desktop|Any CPU.ActiveCfg = Desktop|Any CPU
		{0A0990D7-EF91-4193-AD0B-B4547BE3B6E8}.Desktop|Any CPU.Build.0 = Desktop|Any CPU
		{0A0990D7-EF91-4193-AD0B-B4547BE3B6E8}.Desktop|ARM32.ActiveCfg = Desktop|Any CPU
		{0A0990D7-EF91-4193-AD0B-B4547BE3B6E8}.Desktop|ARM32.Build.0 = Desktop|Any CPU
		{0A0990D7-EF91-4193-AD0B-B4547BE3B6E8}.Desktop|x64.ActiveCfg = Desktop|x64
		{0A0990D7-EF91-4193-AD0B-B4547BE3B6E8}.Desktop|x64.Build.0 = Desktop|x64
		{0A0990D7-EF91-4193-AD0B-B4547BE3B6E8}.Desktop|x86.ActiveCfg = Desktop|Any CPU
		{0A0990D7-EF91-4193-AD0B-B4547BE3B6E8}.Desktop|x86.Build.0 = Desktop|Any CPU
		{0A0990D7-EF91-4193-AD0B-B4547BE3B6E8}.Docker|Any CPU.ActiveCfg = Desktop|Any CPU
		{0A0990D7-EF91-4193-AD0B-B4547BE3B6E8}.Docker|Any CPU.Build.0 = Desktop|Any CPU
		{0A0990D7-EF91-4193-AD0B-B4547BE3B6E8}.Docker|ARM32.ActiveCfg = Desktop|Any CPU
		{0A0990D7-EF91-4193-AD0B-B4547BE3B6E8}.Docker|ARM32.Build.0 = Desktop|Any CPU
		{0A0990D7-EF91-4193-AD0B-B4547BE3B6E8}.Docker|x64.ActiveCfg = Desktop|x64
		{0A0990D7-EF91-4193-AD0B-B4547BE3B6E8}.Docker|x64.Build.0 = Desktop|x64
		{0A0990D7-EF91-4193-AD0B-B4547BE3B6E8}.Docker|x86.ActiveCfg = Desktop|Any CPU
		{0A0990D7-EF91-4193-AD0B-B4547BE3B6E8}.Docker|x86.Build.0 = Desktop|Any CPU
		{0A0990D7-EF91-4193-AD0B-B4547BE3B6E8}.gcmodeller_desktop|Any CPU.ActiveCfg = gcmodeller_desktop|Any CPU
		{0A0990D7-EF91-4193-AD0B-B4547BE3B6E8}.gcmodeller_desktop|Any CPU.Build.0 = gcmodeller_desktop|Any CPU
		{0A0990D7-EF91-4193-AD0B-B4547BE3B6E8}.gcmodeller_desktop|ARM32.ActiveCfg = gcmodeller_desktop|Any CPU
		{0A0990D7-EF91-4193-AD0B-B4547BE3B6E8}.gcmodeller_desktop|ARM32.Build.0 = gcmodeller_desktop|Any CPU
		{0A0990D7-EF91-4193-AD0B-B4547BE3B6E8}.gcmodeller_desktop|x64.ActiveCfg = gcmodeller_desktop|x64
		{0A0990D7-EF91-4193-AD0B-B4547BE3B6E8}.gcmodeller_desktop|x64.Build.0 = gcmodeller_desktop|x64
		{0A0990D7-EF91-4193-AD0B-B4547BE3B6E8}.gcmodeller_desktop|x86.ActiveCfg = gcmodeller_desktop|Any CPU
		{0A0990D7-EF91-4193-AD0B-B4547BE3B6E8}.gcmodeller_desktop|x86.Build.0 = gcmodeller_desktop|Any CPU
		{0A0990D7-EF91-4193-AD0B-B4547BE3B6E8}.LipidSearch|Any CPU.ActiveCfg = LipidSearch|Any CPU
		{0A0990D7-EF91-4193-AD0B-B4547BE3B6E8}.LipidSearch|Any CPU.Build.0 = LipidSearch|Any CPU
		{0A0990D7-EF91-4193-AD0B-B4547BE3B6E8}.LipidSearch|ARM32.ActiveCfg = LipidSearch|Any CPU
		{0A0990D7-EF91-4193-AD0B-B4547BE3B6E8}.LipidSearch|ARM32.Build.0 = LipidSearch|Any CPU
		{0A0990D7-EF91-4193-AD0B-B4547BE3B6E8}.LipidSearch|x64.ActiveCfg = LipidSearch|x64
		{0A0990D7-EF91-4193-AD0B-B4547BE3B6E8}.LipidSearch|x64.Build.0 = LipidSearch|x64
		{0A0990D7-EF91-4193-AD0B-B4547BE3B6E8}.LipidSearch|x86.ActiveCfg = LipidSearch|Any CPU
		{0A0990D7-EF91-4193-AD0B-B4547BE3B6E8}.LipidSearch|x86.Build.0 = LipidSearch|Any CPU
		{0A0990D7-EF91-4193-AD0B-B4547BE3B6E8}.mzkit_win32|Any CPU.ActiveCfg = mzkit|Any CPU
		{0A0990D7-EF91-4193-AD0B-B4547BE3B6E8}.mzkit_win32|Any CPU.Build.0 = mzkit|Any CPU
		{0A0990D7-EF91-4193-AD0B-B4547BE3B6E8}.mzkit_win32|ARM32.ActiveCfg = mzkit|Any CPU
		{0A0990D7-EF91-4193-AD0B-B4547BE3B6E8}.mzkit_win32|ARM32.Build.0 = mzkit|Any CPU
		{0A0990D7-EF91-4193-AD0B-B4547BE3B6E8}.mzkit_win32|x64.ActiveCfg = mzkit|x64
		{0A0990D7-EF91-4193-AD0B-B4547BE3B6E8}.mzkit_win32|x64.Build.0 = mzkit|x64
		{0A0990D7-EF91-4193-AD0B-B4547BE3B6E8}.mzkit_win32|x86.ActiveCfg = mzkit|Any CPU
		{0A0990D7-EF91-4193-AD0B-B4547BE3B6E8}.mzkit_win32|x86.Build.0 = mzkit|Any CPU
		{0A0990D7-EF91-4193-AD0B-B4547BE3B6E8}.mzkit|Any CPU.ActiveCfg = mzkit|Any CPU
		{0A0990D7-EF91-4193-AD0B-B4547BE3B6E8}.mzkit|Any CPU.Build.0 = mzkit|Any CPU
		{0A0990D7-EF91-4193-AD0B-B4547BE3B6E8}.mzkit|ARM32.ActiveCfg = mzkit|Any CPU
		{0A0990D7-EF91-4193-AD0B-B4547BE3B6E8}.mzkit|ARM32.Build.0 = mzkit|Any CPU
		{0A0990D7-EF91-4193-AD0B-B4547BE3B6E8}.mzkit|x64.ActiveCfg = mzkit|x64
		{0A0990D7-EF91-4193-AD0B-B4547BE3B6E8}.mzkit|x64.Build.0 = mzkit|x64
		{0A0990D7-EF91-4193-AD0B-B4547BE3B6E8}.mzkit|x86.ActiveCfg = mzkit|Any CPU
		{0A0990D7-EF91-4193-AD0B-B4547BE3B6E8}.mzkit|x86.Build.0 = mzkit|Any CPU
		{0A0990D7-EF91-4193-AD0B-B4547BE3B6E8}.NPSearch|Any CPU.ActiveCfg = NPSearch|Any CPU
		{0A0990D7-EF91-4193-AD0B-B4547BE3B6E8}.NPSearch|Any CPU.Build.0 = NPSearch|Any CPU
		{0A0990D7-EF91-4193-AD0B-B4547BE3B6E8}.NPSearch|ARM32.ActiveCfg = NPSearch|Any CPU
		{0A0990D7-EF91-4193-AD0B-B4547BE3B6E8}.NPSearch|ARM32.Build.0 = NPSearch|Any CPU
		{0A0990D7-EF91-4193-AD0B-B4547BE3B6E8}.NPSearch|x64.ActiveCfg = NPSearch|x64
		{0A0990D7-EF91-4193-AD0B-B4547BE3B6E8}.NPSearch|x64.Build.0 = NPSearch|x64
		{0A0990D7-EF91-4193-AD0B-B4547BE3B6E8}.NPSearch|x86.ActiveCfg = NPSearch|Any CPU
		{0A0990D7-EF91-4193-AD0B-B4547BE3B6E8}.NPSearch|x86.Build.0 = NPSearch|Any CPU
		{0A0990D7-EF91-4193-AD0B-B4547BE3B6E8}.nuget_release|Any CPU.ActiveCfg = NPSearch|Any CPU
		{0A0990D7-EF91-4193-AD0B-B4547BE3B6E8}.nuget_release|Any CPU.Build.0 = NPSearch|Any CPU
		{0A0990D7-EF91-4193-AD0B-B4547BE3B6E8}.nuget_release|ARM32.ActiveCfg = NPSearch|Any CPU
		{0A0990D7-EF91-4193-AD0B-B4547BE3B6E8}.nuget_release|ARM32.Build.0 = NPSearch|Any CPU
		{0A0990D7-EF91-4193-AD0B-B4547BE3B6E8}.nuget_release|x64.ActiveCfg = NPSearch|x64
		{0A0990D7-EF91-4193-AD0B-B4547BE3B6E8}.nuget_release|x64.Build.0 = NPSearch|x64
		{0A0990D7-EF91-4193-AD0B-B4547BE3B6E8}.nuget_release|x86.ActiveCfg = NPSearch|Any CPU
		{0A0990D7-EF91-4193-AD0B-B4547BE3B6E8}.nuget_release|x86.Build.0 = NPSearch|Any CPU
		{0A0990D7-EF91-4193-AD0B-B4547BE3B6E8}.PlantMAT|Any CPU.ActiveCfg = PlantMAT|Any CPU
		{0A0990D7-EF91-4193-AD0B-B4547BE3B6E8}.PlantMAT|Any CPU.Build.0 = PlantMAT|Any CPU
		{0A0990D7-EF91-4193-AD0B-B4547BE3B6E8}.PlantMAT|ARM32.ActiveCfg = PlantMAT|Any CPU
		{0A0990D7-EF91-4193-AD0B-B4547BE3B6E8}.PlantMAT|ARM32.Build.0 = PlantMAT|Any CPU
		{0A0990D7-EF91-4193-AD0B-B4547BE3B6E8}.PlantMAT|x64.ActiveCfg = PlantMAT|x64
		{0A0990D7-EF91-4193-AD0B-B4547BE3B6E8}.PlantMAT|x64.Build.0 = PlantMAT|x64
		{0A0990D7-EF91-4193-AD0B-B4547BE3B6E8}.PlantMAT|x86.ActiveCfg = PlantMAT|Any CPU
		{0A0990D7-EF91-4193-AD0B-B4547BE3B6E8}.PlantMAT|x86.Build.0 = PlantMAT|Any CPU
		{0A0990D7-EF91-4193-AD0B-B4547BE3B6E8}.Release|Any CPU.ActiveCfg = Release|Any CPU
		{0A0990D7-EF91-4193-AD0B-B4547BE3B6E8}.Release|Any CPU.Build.0 = Release|Any CPU
		{0A0990D7-EF91-4193-AD0B-B4547BE3B6E8}.Release|ARM32.ActiveCfg = Release|Any CPU
		{0A0990D7-EF91-4193-AD0B-B4547BE3B6E8}.Release|ARM32.Build.0 = Release|Any CPU
		{0A0990D7-EF91-4193-AD0B-B4547BE3B6E8}.Release|x64.ActiveCfg = Release|x64
		{0A0990D7-EF91-4193-AD0B-B4547BE3B6E8}.Release|x64.Build.0 = Release|x64
		{0A0990D7-EF91-4193-AD0B-B4547BE3B6E8}.Release|x86.ActiveCfg = Release|Any CPU
		{0A0990D7-EF91-4193-AD0B-B4547BE3B6E8}.Release|x86.Build.0 = Release|Any CPU
		{0A0990D7-EF91-4193-AD0B-B4547BE3B6E8}.Rsharp_app_release|Any CPU.ActiveCfg = Rsharp_app_release|Any CPU
		{0A0990D7-EF91-4193-AD0B-B4547BE3B6E8}.Rsharp_app_release|Any CPU.Build.0 = Rsharp_app_release|Any CPU
		{0A0990D7-EF91-4193-AD0B-B4547BE3B6E8}.Rsharp_app_release|ARM32.ActiveCfg = Rsharp_app_release|Any CPU
		{0A0990D7-EF91-4193-AD0B-B4547BE3B6E8}.Rsharp_app_release|ARM32.Build.0 = Rsharp_app_release|Any CPU
		{0A0990D7-EF91-4193-AD0B-B4547BE3B6E8}.Rsharp_app_release|x64.ActiveCfg = Rsharp_app_release|x64
		{0A0990D7-EF91-4193-AD0B-B4547BE3B6E8}.Rsharp_app_release|x64.Build.0 = Rsharp_app_release|x64
		{0A0990D7-EF91-4193-AD0B-B4547BE3B6E8}.Rsharp_app_release|x86.ActiveCfg = Rsharp_app_release|Any CPU
		{0A0990D7-EF91-4193-AD0B-B4547BE3B6E8}.Rsharp_app_release|x86.Build.0 = Rsharp_app_release|Any CPU
		{699EB010-0BFE-4FD2-8109-2CEDB34F086C}.CFD_win32|Any CPU.ActiveCfg = CFD_win32|Any CPU
		{699EB010-0BFE-4FD2-8109-2CEDB34F086C}.CFD_win32|Any CPU.Build.0 = CFD_win32|Any CPU
		{699EB010-0BFE-4FD2-8109-2CEDB34F086C}.CFD_win32|ARM32.ActiveCfg = CFD_win32|Any CPU
		{699EB010-0BFE-4FD2-8109-2CEDB34F086C}.CFD_win32|ARM32.Build.0 = CFD_win32|Any CPU
		{699EB010-0BFE-4FD2-8109-2CEDB34F086C}.CFD_win32|x64.ActiveCfg = CFD_win32|x64
		{699EB010-0BFE-4FD2-8109-2CEDB34F086C}.CFD_win32|x64.Build.0 = CFD_win32|x64
		{699EB010-0BFE-4FD2-8109-2CEDB34F086C}.CFD_win32|x86.ActiveCfg = CFD_win32|Any CPU
		{699EB010-0BFE-4FD2-8109-2CEDB34F086C}.CFD_win32|x86.Build.0 = CFD_win32|Any CPU
		{699EB010-0BFE-4FD2-8109-2CEDB34F086C}.Debug|Any CPU.ActiveCfg = Debug|Any CPU
		{699EB010-0BFE-4FD2-8109-2CEDB34F086C}.Debug|Any CPU.Build.0 = Debug|Any CPU
		{699EB010-0BFE-4FD2-8109-2CEDB34F086C}.Debug|ARM32.ActiveCfg = Debug|Any CPU
		{699EB010-0BFE-4FD2-8109-2CEDB34F086C}.Debug|ARM32.Build.0 = Debug|Any CPU
		{699EB010-0BFE-4FD2-8109-2CEDB34F086C}.Debug|x64.ActiveCfg = Debug|x64
		{699EB010-0BFE-4FD2-8109-2CEDB34F086C}.Debug|x64.Build.0 = Debug|x64
		{699EB010-0BFE-4FD2-8109-2CEDB34F086C}.Debug|x86.ActiveCfg = Debug|Any CPU
		{699EB010-0BFE-4FD2-8109-2CEDB34F086C}.Debug|x86.Build.0 = Debug|Any CPU
		{699EB010-0BFE-4FD2-8109-2CEDB34F086C}.Desktop|Any CPU.ActiveCfg = Desktop|Any CPU
		{699EB010-0BFE-4FD2-8109-2CEDB34F086C}.Desktop|Any CPU.Build.0 = Desktop|Any CPU
		{699EB010-0BFE-4FD2-8109-2CEDB34F086C}.Desktop|ARM32.ActiveCfg = Desktop|Any CPU
		{699EB010-0BFE-4FD2-8109-2CEDB34F086C}.Desktop|ARM32.Build.0 = Desktop|Any CPU
		{699EB010-0BFE-4FD2-8109-2CEDB34F086C}.Desktop|x64.ActiveCfg = Desktop|x64
		{699EB010-0BFE-4FD2-8109-2CEDB34F086C}.Desktop|x64.Build.0 = Desktop|x64
		{699EB010-0BFE-4FD2-8109-2CEDB34F086C}.Desktop|x86.ActiveCfg = Desktop|Any CPU
		{699EB010-0BFE-4FD2-8109-2CEDB34F086C}.Desktop|x86.Build.0 = Desktop|Any CPU
		{699EB010-0BFE-4FD2-8109-2CEDB34F086C}.Docker|Any CPU.ActiveCfg = Desktop|Any CPU
		{699EB010-0BFE-4FD2-8109-2CEDB34F086C}.Docker|Any CPU.Build.0 = Desktop|Any CPU
		{699EB010-0BFE-4FD2-8109-2CEDB34F086C}.Docker|ARM32.ActiveCfg = Desktop|Any CPU
		{699EB010-0BFE-4FD2-8109-2CEDB34F086C}.Docker|ARM32.Build.0 = Desktop|Any CPU
		{699EB010-0BFE-4FD2-8109-2CEDB34F086C}.Docker|x64.ActiveCfg = Desktop|x64
		{699EB010-0BFE-4FD2-8109-2CEDB34F086C}.Docker|x64.Build.0 = Desktop|x64
		{699EB010-0BFE-4FD2-8109-2CEDB34F086C}.Docker|x86.ActiveCfg = Desktop|Any CPU
		{699EB010-0BFE-4FD2-8109-2CEDB34F086C}.Docker|x86.Build.0 = Desktop|Any CPU
		{699EB010-0BFE-4FD2-8109-2CEDB34F086C}.gcmodeller_desktop|Any CPU.ActiveCfg = gcmodeller_desktop|Any CPU
		{699EB010-0BFE-4FD2-8109-2CEDB34F086C}.gcmodeller_desktop|Any CPU.Build.0 = gcmodeller_desktop|Any CPU
		{699EB010-0BFE-4FD2-8109-2CEDB34F086C}.gcmodeller_desktop|ARM32.ActiveCfg = gcmodeller_desktop|Any CPU
		{699EB010-0BFE-4FD2-8109-2CEDB34F086C}.gcmodeller_desktop|ARM32.Build.0 = gcmodeller_desktop|Any CPU
		{699EB010-0BFE-4FD2-8109-2CEDB34F086C}.gcmodeller_desktop|x64.ActiveCfg = gcmodeller_desktop|x64
		{699EB010-0BFE-4FD2-8109-2CEDB34F086C}.gcmodeller_desktop|x64.Build.0 = gcmodeller_desktop|x64
		{699EB010-0BFE-4FD2-8109-2CEDB34F086C}.gcmodeller_desktop|x86.ActiveCfg = gcmodeller_desktop|Any CPU
		{699EB010-0BFE-4FD2-8109-2CEDB34F086C}.gcmodeller_desktop|x86.Build.0 = gcmodeller_desktop|Any CPU
		{699EB010-0BFE-4FD2-8109-2CEDB34F086C}.LipidSearch|Any CPU.ActiveCfg = Debug|Any CPU
		{699EB010-0BFE-4FD2-8109-2CEDB34F086C}.LipidSearch|Any CPU.Build.0 = Debug|Any CPU
		{699EB010-0BFE-4FD2-8109-2CEDB34F086C}.LipidSearch|ARM32.ActiveCfg = Debug|Any CPU
		{699EB010-0BFE-4FD2-8109-2CEDB34F086C}.LipidSearch|ARM32.Build.0 = Debug|Any CPU
		{699EB010-0BFE-4FD2-8109-2CEDB34F086C}.LipidSearch|x64.ActiveCfg = Debug|x64
		{699EB010-0BFE-4FD2-8109-2CEDB34F086C}.LipidSearch|x64.Build.0 = Debug|x64
		{699EB010-0BFE-4FD2-8109-2CEDB34F086C}.LipidSearch|x86.ActiveCfg = Debug|Any CPU
		{699EB010-0BFE-4FD2-8109-2CEDB34F086C}.LipidSearch|x86.Build.0 = Debug|Any CPU
		{699EB010-0BFE-4FD2-8109-2CEDB34F086C}.mzkit_win32|Any CPU.ActiveCfg = mzkit_win32|Any CPU
		{699EB010-0BFE-4FD2-8109-2CEDB34F086C}.mzkit_win32|Any CPU.Build.0 = mzkit_win32|Any CPU
		{699EB010-0BFE-4FD2-8109-2CEDB34F086C}.mzkit_win32|ARM32.ActiveCfg = mzkit_win32|Any CPU
		{699EB010-0BFE-4FD2-8109-2CEDB34F086C}.mzkit_win32|ARM32.Build.0 = mzkit_win32|Any CPU
		{699EB010-0BFE-4FD2-8109-2CEDB34F086C}.mzkit_win32|x64.ActiveCfg = mzkit_win32|x64
		{699EB010-0BFE-4FD2-8109-2CEDB34F086C}.mzkit_win32|x64.Build.0 = mzkit_win32|x64
		{699EB010-0BFE-4FD2-8109-2CEDB34F086C}.mzkit_win32|x86.ActiveCfg = mzkit_win32|Any CPU
		{699EB010-0BFE-4FD2-8109-2CEDB34F086C}.mzkit_win32|x86.Build.0 = mzkit_win32|Any CPU
		{699EB010-0BFE-4FD2-8109-2CEDB34F086C}.mzkit|Any CPU.ActiveCfg = mzkit|Any CPU
		{699EB010-0BFE-4FD2-8109-2CEDB34F086C}.mzkit|Any CPU.Build.0 = mzkit|Any CPU
		{699EB010-0BFE-4FD2-8109-2CEDB34F086C}.mzkit|ARM32.ActiveCfg = mzkit|Any CPU
		{699EB010-0BFE-4FD2-8109-2CEDB34F086C}.mzkit|ARM32.Build.0 = mzkit|Any CPU
		{699EB010-0BFE-4FD2-8109-2CEDB34F086C}.mzkit|x64.ActiveCfg = mzkit|x64
		{699EB010-0BFE-4FD2-8109-2CEDB34F086C}.mzkit|x64.Build.0 = mzkit|x64
		{699EB010-0BFE-4FD2-8109-2CEDB34F086C}.mzkit|x86.ActiveCfg = mzkit|Any CPU
		{699EB010-0BFE-4FD2-8109-2CEDB34F086C}.mzkit|x86.Build.0 = mzkit|Any CPU
		{699EB010-0BFE-4FD2-8109-2CEDB34F086C}.NPSearch|Any CPU.ActiveCfg = Debug|Any CPU
		{699EB010-0BFE-4FD2-8109-2CEDB34F086C}.NPSearch|Any CPU.Build.0 = Debug|Any CPU
		{699EB010-0BFE-4FD2-8109-2CEDB34F086C}.NPSearch|ARM32.ActiveCfg = Debug|Any CPU
		{699EB010-0BFE-4FD2-8109-2CEDB34F086C}.NPSearch|ARM32.Build.0 = Debug|Any CPU
		{699EB010-0BFE-4FD2-8109-2CEDB34F086C}.NPSearch|x64.ActiveCfg = Debug|x64
		{699EB010-0BFE-4FD2-8109-2CEDB34F086C}.NPSearch|x64.Build.0 = Debug|x64
		{699EB010-0BFE-4FD2-8109-2CEDB34F086C}.NPSearch|x86.ActiveCfg = Debug|Any CPU
		{699EB010-0BFE-4FD2-8109-2CEDB34F086C}.NPSearch|x86.Build.0 = Debug|Any CPU
		{699EB010-0BFE-4FD2-8109-2CEDB34F086C}.nuget_release|Any CPU.ActiveCfg = Debug|Any CPU
		{699EB010-0BFE-4FD2-8109-2CEDB34F086C}.nuget_release|Any CPU.Build.0 = Debug|Any CPU
		{699EB010-0BFE-4FD2-8109-2CEDB34F086C}.nuget_release|ARM32.ActiveCfg = Debug|Any CPU
		{699EB010-0BFE-4FD2-8109-2CEDB34F086C}.nuget_release|ARM32.Build.0 = Debug|Any CPU
		{699EB010-0BFE-4FD2-8109-2CEDB34F086C}.nuget_release|x64.ActiveCfg = Debug|x64
		{699EB010-0BFE-4FD2-8109-2CEDB34F086C}.nuget_release|x64.Build.0 = Debug|x64
		{699EB010-0BFE-4FD2-8109-2CEDB34F086C}.nuget_release|x86.ActiveCfg = Debug|Any CPU
		{699EB010-0BFE-4FD2-8109-2CEDB34F086C}.nuget_release|x86.Build.0 = Debug|Any CPU
		{699EB010-0BFE-4FD2-8109-2CEDB34F086C}.PlantMAT|Any CPU.ActiveCfg = PlantMAT|Any CPU
		{699EB010-0BFE-4FD2-8109-2CEDB34F086C}.PlantMAT|Any CPU.Build.0 = PlantMAT|Any CPU
		{699EB010-0BFE-4FD2-8109-2CEDB34F086C}.PlantMAT|ARM32.ActiveCfg = PlantMAT|Any CPU
		{699EB010-0BFE-4FD2-8109-2CEDB34F086C}.PlantMAT|ARM32.Build.0 = PlantMAT|Any CPU
		{699EB010-0BFE-4FD2-8109-2CEDB34F086C}.PlantMAT|x64.ActiveCfg = PlantMAT|x64
		{699EB010-0BFE-4FD2-8109-2CEDB34F086C}.PlantMAT|x64.Build.0 = PlantMAT|x64
		{699EB010-0BFE-4FD2-8109-2CEDB34F086C}.PlantMAT|x86.ActiveCfg = PlantMAT|Any CPU
		{699EB010-0BFE-4FD2-8109-2CEDB34F086C}.PlantMAT|x86.Build.0 = PlantMAT|Any CPU
		{699EB010-0BFE-4FD2-8109-2CEDB34F086C}.Release|Any CPU.ActiveCfg = Release|Any CPU
		{699EB010-0BFE-4FD2-8109-2CEDB34F086C}.Release|Any CPU.Build.0 = Release|Any CPU
		{699EB010-0BFE-4FD2-8109-2CEDB34F086C}.Release|ARM32.ActiveCfg = Release|Any CPU
		{699EB010-0BFE-4FD2-8109-2CEDB34F086C}.Release|ARM32.Build.0 = Release|Any CPU
		{699EB010-0BFE-4FD2-8109-2CEDB34F086C}.Release|x64.ActiveCfg = Release|x64
		{699EB010-0BFE-4FD2-8109-2CEDB34F086C}.Release|x64.Build.0 = Release|x64
		{699EB010-0BFE-4FD2-8109-2CEDB34F086C}.Release|x86.ActiveCfg = Release|Any CPU
		{699EB010-0BFE-4FD2-8109-2CEDB34F086C}.Release|x86.Build.0 = Release|Any CPU
		{699EB010-0BFE-4FD2-8109-2CEDB34F086C}.Rsharp_app_release|Any CPU.ActiveCfg = Rsharp_app_release|Any CPU
		{699EB010-0BFE-4FD2-8109-2CEDB34F086C}.Rsharp_app_release|Any CPU.Build.0 = Rsharp_app_release|Any CPU
		{699EB010-0BFE-4FD2-8109-2CEDB34F086C}.Rsharp_app_release|ARM32.ActiveCfg = Rsharp_app_release|Any CPU
		{699EB010-0BFE-4FD2-8109-2CEDB34F086C}.Rsharp_app_release|ARM32.Build.0 = Rsharp_app_release|Any CPU
		{699EB010-0BFE-4FD2-8109-2CEDB34F086C}.Rsharp_app_release|x64.ActiveCfg = Rsharp_app_release|x64
		{699EB010-0BFE-4FD2-8109-2CEDB34F086C}.Rsharp_app_release|x64.Build.0 = Rsharp_app_release|x64
		{699EB010-0BFE-4FD2-8109-2CEDB34F086C}.Rsharp_app_release|x86.ActiveCfg = Rsharp_app_release|Any CPU
		{699EB010-0BFE-4FD2-8109-2CEDB34F086C}.Rsharp_app_release|x86.Build.0 = Rsharp_app_release|Any CPU
		{E4A1E2AC-9B54-4021-9E9F-DF495461BFF0}.CFD_win32|Any CPU.ActiveCfg = Debug|Any CPU
		{E4A1E2AC-9B54-4021-9E9F-DF495461BFF0}.CFD_win32|Any CPU.Build.0 = Debug|Any CPU
		{E4A1E2AC-9B54-4021-9E9F-DF495461BFF0}.CFD_win32|ARM32.ActiveCfg = Debug|Any CPU
		{E4A1E2AC-9B54-4021-9E9F-DF495461BFF0}.CFD_win32|ARM32.Build.0 = Debug|Any CPU
		{E4A1E2AC-9B54-4021-9E9F-DF495461BFF0}.CFD_win32|x64.ActiveCfg = Debug|x64
		{E4A1E2AC-9B54-4021-9E9F-DF495461BFF0}.CFD_win32|x64.Build.0 = Debug|x64
		{E4A1E2AC-9B54-4021-9E9F-DF495461BFF0}.CFD_win32|x86.ActiveCfg = Debug|Any CPU
		{E4A1E2AC-9B54-4021-9E9F-DF495461BFF0}.CFD_win32|x86.Build.0 = Debug|Any CPU
		{E4A1E2AC-9B54-4021-9E9F-DF495461BFF0}.Debug|Any CPU.ActiveCfg = Debug|Any CPU
		{E4A1E2AC-9B54-4021-9E9F-DF495461BFF0}.Debug|Any CPU.Build.0 = Debug|Any CPU
		{E4A1E2AC-9B54-4021-9E9F-DF495461BFF0}.Debug|ARM32.ActiveCfg = Debug|Any CPU
		{E4A1E2AC-9B54-4021-9E9F-DF495461BFF0}.Debug|ARM32.Build.0 = Debug|Any CPU
		{E4A1E2AC-9B54-4021-9E9F-DF495461BFF0}.Debug|x64.ActiveCfg = Debug|x64
		{E4A1E2AC-9B54-4021-9E9F-DF495461BFF0}.Debug|x64.Build.0 = Debug|x64
		{E4A1E2AC-9B54-4021-9E9F-DF495461BFF0}.Debug|x86.ActiveCfg = Debug|Any CPU
		{E4A1E2AC-9B54-4021-9E9F-DF495461BFF0}.Debug|x86.Build.0 = Debug|Any CPU
		{E4A1E2AC-9B54-4021-9E9F-DF495461BFF0}.Desktop|Any CPU.ActiveCfg = Debug|Any CPU
		{E4A1E2AC-9B54-4021-9E9F-DF495461BFF0}.Desktop|Any CPU.Build.0 = Debug|Any CPU
		{E4A1E2AC-9B54-4021-9E9F-DF495461BFF0}.Desktop|ARM32.ActiveCfg = Debug|Any CPU
		{E4A1E2AC-9B54-4021-9E9F-DF495461BFF0}.Desktop|ARM32.Build.0 = Debug|Any CPU
		{E4A1E2AC-9B54-4021-9E9F-DF495461BFF0}.Desktop|x64.ActiveCfg = Debug|x64
		{E4A1E2AC-9B54-4021-9E9F-DF495461BFF0}.Desktop|x64.Build.0 = Debug|x64
		{E4A1E2AC-9B54-4021-9E9F-DF495461BFF0}.Desktop|x86.ActiveCfg = Debug|Any CPU
		{E4A1E2AC-9B54-4021-9E9F-DF495461BFF0}.Desktop|x86.Build.0 = Debug|Any CPU
		{E4A1E2AC-9B54-4021-9E9F-DF495461BFF0}.Docker|Any CPU.ActiveCfg = Debug|Any CPU
		{E4A1E2AC-9B54-4021-9E9F-DF495461BFF0}.Docker|Any CPU.Build.0 = Debug|Any CPU
		{E4A1E2AC-9B54-4021-9E9F-DF495461BFF0}.Docker|ARM32.ActiveCfg = Debug|Any CPU
		{E4A1E2AC-9B54-4021-9E9F-DF495461BFF0}.Docker|ARM32.Build.0 = Debug|Any CPU
		{E4A1E2AC-9B54-4021-9E9F-DF495461BFF0}.Docker|x64.ActiveCfg = Debug|x64
		{E4A1E2AC-9B54-4021-9E9F-DF495461BFF0}.Docker|x64.Build.0 = Debug|x64
		{E4A1E2AC-9B54-4021-9E9F-DF495461BFF0}.Docker|x86.ActiveCfg = Debug|Any CPU
		{E4A1E2AC-9B54-4021-9E9F-DF495461BFF0}.Docker|x86.Build.0 = Debug|Any CPU
		{E4A1E2AC-9B54-4021-9E9F-DF495461BFF0}.gcmodeller_desktop|Any CPU.ActiveCfg = Debug|Any CPU
		{E4A1E2AC-9B54-4021-9E9F-DF495461BFF0}.gcmodeller_desktop|Any CPU.Build.0 = Debug|Any CPU
		{E4A1E2AC-9B54-4021-9E9F-DF495461BFF0}.gcmodeller_desktop|ARM32.ActiveCfg = Debug|Any CPU
		{E4A1E2AC-9B54-4021-9E9F-DF495461BFF0}.gcmodeller_desktop|ARM32.Build.0 = Debug|Any CPU
		{E4A1E2AC-9B54-4021-9E9F-DF495461BFF0}.gcmodeller_desktop|x64.ActiveCfg = Debug|x64
		{E4A1E2AC-9B54-4021-9E9F-DF495461BFF0}.gcmodeller_desktop|x64.Build.0 = Debug|x64
		{E4A1E2AC-9B54-4021-9E9F-DF495461BFF0}.gcmodeller_desktop|x86.ActiveCfg = Debug|Any CPU
		{E4A1E2AC-9B54-4021-9E9F-DF495461BFF0}.gcmodeller_desktop|x86.Build.0 = Debug|Any CPU
		{E4A1E2AC-9B54-4021-9E9F-DF495461BFF0}.LipidSearch|Any CPU.ActiveCfg = Debug|Any CPU
		{E4A1E2AC-9B54-4021-9E9F-DF495461BFF0}.LipidSearch|Any CPU.Build.0 = Debug|Any CPU
		{E4A1E2AC-9B54-4021-9E9F-DF495461BFF0}.LipidSearch|ARM32.ActiveCfg = Debug|Any CPU
		{E4A1E2AC-9B54-4021-9E9F-DF495461BFF0}.LipidSearch|ARM32.Build.0 = Debug|Any CPU
		{E4A1E2AC-9B54-4021-9E9F-DF495461BFF0}.LipidSearch|x64.ActiveCfg = Debug|x64
		{E4A1E2AC-9B54-4021-9E9F-DF495461BFF0}.LipidSearch|x64.Build.0 = Debug|x64
		{E4A1E2AC-9B54-4021-9E9F-DF495461BFF0}.LipidSearch|x86.ActiveCfg = Debug|Any CPU
		{E4A1E2AC-9B54-4021-9E9F-DF495461BFF0}.LipidSearch|x86.Build.0 = Debug|Any CPU
		{E4A1E2AC-9B54-4021-9E9F-DF495461BFF0}.mzkit_win32|Any CPU.ActiveCfg = Debug|Any CPU
		{E4A1E2AC-9B54-4021-9E9F-DF495461BFF0}.mzkit_win32|Any CPU.Build.0 = Debug|Any CPU
		{E4A1E2AC-9B54-4021-9E9F-DF495461BFF0}.mzkit_win32|ARM32.ActiveCfg = Debug|Any CPU
		{E4A1E2AC-9B54-4021-9E9F-DF495461BFF0}.mzkit_win32|ARM32.Build.0 = Debug|Any CPU
		{E4A1E2AC-9B54-4021-9E9F-DF495461BFF0}.mzkit_win32|x64.ActiveCfg = Debug|x64
		{E4A1E2AC-9B54-4021-9E9F-DF495461BFF0}.mzkit_win32|x64.Build.0 = Debug|x64
		{E4A1E2AC-9B54-4021-9E9F-DF495461BFF0}.mzkit_win32|x86.ActiveCfg = Debug|Any CPU
		{E4A1E2AC-9B54-4021-9E9F-DF495461BFF0}.mzkit_win32|x86.Build.0 = Debug|Any CPU
		{E4A1E2AC-9B54-4021-9E9F-DF495461BFF0}.mzkit|Any CPU.ActiveCfg = Debug|Any CPU
		{E4A1E2AC-9B54-4021-9E9F-DF495461BFF0}.mzkit|Any CPU.Build.0 = Debug|Any CPU
		{E4A1E2AC-9B54-4021-9E9F-DF495461BFF0}.mzkit|ARM32.ActiveCfg = Debug|Any CPU
		{E4A1E2AC-9B54-4021-9E9F-DF495461BFF0}.mzkit|ARM32.Build.0 = Debug|Any CPU
		{E4A1E2AC-9B54-4021-9E9F-DF495461BFF0}.mzkit|x64.ActiveCfg = Debug|x64
		{E4A1E2AC-9B54-4021-9E9F-DF495461BFF0}.mzkit|x64.Build.0 = Debug|x64
		{E4A1E2AC-9B54-4021-9E9F-DF495461BFF0}.mzkit|x86.ActiveCfg = Debug|Any CPU
		{E4A1E2AC-9B54-4021-9E9F-DF495461BFF0}.mzkit|x86.Build.0 = Debug|Any CPU
		{E4A1E2AC-9B54-4021-9E9F-DF495461BFF0}.NPSearch|Any CPU.ActiveCfg = nuget_release|Any CPU
		{E4A1E2AC-9B54-4021-9E9F-DF495461BFF0}.NPSearch|Any CPU.Build.0 = nuget_release|Any CPU
		{E4A1E2AC-9B54-4021-9E9F-DF495461BFF0}.NPSearch|ARM32.ActiveCfg = nuget_release|Any CPU
		{E4A1E2AC-9B54-4021-9E9F-DF495461BFF0}.NPSearch|ARM32.Build.0 = nuget_release|Any CPU
		{E4A1E2AC-9B54-4021-9E9F-DF495461BFF0}.NPSearch|x64.ActiveCfg = nuget_release|x64
		{E4A1E2AC-9B54-4021-9E9F-DF495461BFF0}.NPSearch|x64.Build.0 = nuget_release|x64
		{E4A1E2AC-9B54-4021-9E9F-DF495461BFF0}.NPSearch|x86.ActiveCfg = nuget_release|Any CPU
		{E4A1E2AC-9B54-4021-9E9F-DF495461BFF0}.NPSearch|x86.Build.0 = nuget_release|Any CPU
		{E4A1E2AC-9B54-4021-9E9F-DF495461BFF0}.nuget_release|Any CPU.ActiveCfg = nuget_release|Any CPU
		{E4A1E2AC-9B54-4021-9E9F-DF495461BFF0}.nuget_release|Any CPU.Build.0 = nuget_release|Any CPU
		{E4A1E2AC-9B54-4021-9E9F-DF495461BFF0}.nuget_release|ARM32.ActiveCfg = nuget_release|Any CPU
		{E4A1E2AC-9B54-4021-9E9F-DF495461BFF0}.nuget_release|ARM32.Build.0 = nuget_release|Any CPU
		{E4A1E2AC-9B54-4021-9E9F-DF495461BFF0}.nuget_release|x64.ActiveCfg = nuget_release|x64
		{E4A1E2AC-9B54-4021-9E9F-DF495461BFF0}.nuget_release|x64.Build.0 = nuget_release|x64
		{E4A1E2AC-9B54-4021-9E9F-DF495461BFF0}.nuget_release|x86.ActiveCfg = nuget_release|Any CPU
		{E4A1E2AC-9B54-4021-9E9F-DF495461BFF0}.nuget_release|x86.Build.0 = nuget_release|Any CPU
		{E4A1E2AC-9B54-4021-9E9F-DF495461BFF0}.PlantMAT|Any CPU.ActiveCfg = Debug|Any CPU
		{E4A1E2AC-9B54-4021-9E9F-DF495461BFF0}.PlantMAT|Any CPU.Build.0 = Debug|Any CPU
		{E4A1E2AC-9B54-4021-9E9F-DF495461BFF0}.PlantMAT|ARM32.ActiveCfg = Debug|Any CPU
		{E4A1E2AC-9B54-4021-9E9F-DF495461BFF0}.PlantMAT|ARM32.Build.0 = Debug|Any CPU
		{E4A1E2AC-9B54-4021-9E9F-DF495461BFF0}.PlantMAT|x64.ActiveCfg = Debug|x64
		{E4A1E2AC-9B54-4021-9E9F-DF495461BFF0}.PlantMAT|x64.Build.0 = Debug|x64
		{E4A1E2AC-9B54-4021-9E9F-DF495461BFF0}.PlantMAT|x86.ActiveCfg = Debug|Any CPU
		{E4A1E2AC-9B54-4021-9E9F-DF495461BFF0}.PlantMAT|x86.Build.0 = Debug|Any CPU
		{E4A1E2AC-9B54-4021-9E9F-DF495461BFF0}.Release|Any CPU.ActiveCfg = Release|Any CPU
		{E4A1E2AC-9B54-4021-9E9F-DF495461BFF0}.Release|Any CPU.Build.0 = Release|Any CPU
		{E4A1E2AC-9B54-4021-9E9F-DF495461BFF0}.Release|ARM32.ActiveCfg = Release|Any CPU
		{E4A1E2AC-9B54-4021-9E9F-DF495461BFF0}.Release|ARM32.Build.0 = Release|Any CPU
		{E4A1E2AC-9B54-4021-9E9F-DF495461BFF0}.Release|x64.ActiveCfg = Release|x64
		{E4A1E2AC-9B54-4021-9E9F-DF495461BFF0}.Release|x64.Build.0 = Release|x64
		{E4A1E2AC-9B54-4021-9E9F-DF495461BFF0}.Release|x86.ActiveCfg = Release|Any CPU
		{E4A1E2AC-9B54-4021-9E9F-DF495461BFF0}.Release|x86.Build.0 = Release|Any CPU
		{E4A1E2AC-9B54-4021-9E9F-DF495461BFF0}.Rsharp_app_release|Any CPU.ActiveCfg = Release|Any CPU
		{E4A1E2AC-9B54-4021-9E9F-DF495461BFF0}.Rsharp_app_release|Any CPU.Build.0 = Release|Any CPU
		{E4A1E2AC-9B54-4021-9E9F-DF495461BFF0}.Rsharp_app_release|ARM32.ActiveCfg = Release|Any CPU
		{E4A1E2AC-9B54-4021-9E9F-DF495461BFF0}.Rsharp_app_release|ARM32.Build.0 = Release|Any CPU
		{E4A1E2AC-9B54-4021-9E9F-DF495461BFF0}.Rsharp_app_release|x64.ActiveCfg = Release|x64
		{E4A1E2AC-9B54-4021-9E9F-DF495461BFF0}.Rsharp_app_release|x64.Build.0 = Release|x64
		{E4A1E2AC-9B54-4021-9E9F-DF495461BFF0}.Rsharp_app_release|x86.ActiveCfg = Release|Any CPU
		{E4A1E2AC-9B54-4021-9E9F-DF495461BFF0}.Rsharp_app_release|x86.Build.0 = Release|Any CPU
		{43AEA0B4-224E-4E14-AC66-CAB287D89EF1}.CFD_win32|Any CPU.ActiveCfg = Debug|Any CPU
		{43AEA0B4-224E-4E14-AC66-CAB287D89EF1}.CFD_win32|Any CPU.Build.0 = Debug|Any CPU
		{43AEA0B4-224E-4E14-AC66-CAB287D89EF1}.CFD_win32|ARM32.ActiveCfg = Debug|ARM32
		{43AEA0B4-224E-4E14-AC66-CAB287D89EF1}.CFD_win32|ARM32.Build.0 = Debug|ARM32
		{43AEA0B4-224E-4E14-AC66-CAB287D89EF1}.CFD_win32|x64.ActiveCfg = Debug|x64
		{43AEA0B4-224E-4E14-AC66-CAB287D89EF1}.CFD_win32|x64.Build.0 = Debug|x64
		{43AEA0B4-224E-4E14-AC66-CAB287D89EF1}.CFD_win32|x86.ActiveCfg = Debug|Any CPU
		{43AEA0B4-224E-4E14-AC66-CAB287D89EF1}.CFD_win32|x86.Build.0 = Debug|Any CPU
		{43AEA0B4-224E-4E14-AC66-CAB287D89EF1}.Debug|Any CPU.ActiveCfg = Debug|Any CPU
		{43AEA0B4-224E-4E14-AC66-CAB287D89EF1}.Debug|Any CPU.Build.0 = Debug|Any CPU
		{43AEA0B4-224E-4E14-AC66-CAB287D89EF1}.Debug|ARM32.ActiveCfg = Debug|ARM32
		{43AEA0B4-224E-4E14-AC66-CAB287D89EF1}.Debug|ARM32.Build.0 = Debug|ARM32
		{43AEA0B4-224E-4E14-AC66-CAB287D89EF1}.Debug|x64.ActiveCfg = Debug|x64
		{43AEA0B4-224E-4E14-AC66-CAB287D89EF1}.Debug|x64.Build.0 = Debug|x64
		{43AEA0B4-224E-4E14-AC66-CAB287D89EF1}.Debug|x86.ActiveCfg = Debug|Any CPU
		{43AEA0B4-224E-4E14-AC66-CAB287D89EF1}.Debug|x86.Build.0 = Debug|Any CPU
		{43AEA0B4-224E-4E14-AC66-CAB287D89EF1}.Desktop|Any CPU.ActiveCfg = Debug|Any CPU
		{43AEA0B4-224E-4E14-AC66-CAB287D89EF1}.Desktop|Any CPU.Build.0 = Debug|Any CPU
		{43AEA0B4-224E-4E14-AC66-CAB287D89EF1}.Desktop|ARM32.ActiveCfg = Debug|ARM32
		{43AEA0B4-224E-4E14-AC66-CAB287D89EF1}.Desktop|ARM32.Build.0 = Debug|ARM32
		{43AEA0B4-224E-4E14-AC66-CAB287D89EF1}.Desktop|x64.ActiveCfg = Debug|x64
		{43AEA0B4-224E-4E14-AC66-CAB287D89EF1}.Desktop|x64.Build.0 = Debug|x64
		{43AEA0B4-224E-4E14-AC66-CAB287D89EF1}.Desktop|x86.ActiveCfg = Debug|Any CPU
		{43AEA0B4-224E-4E14-AC66-CAB287D89EF1}.Desktop|x86.Build.0 = Debug|Any CPU
		{43AEA0B4-224E-4E14-AC66-CAB287D89EF1}.Docker|Any CPU.ActiveCfg = Debug|Any CPU
		{43AEA0B4-224E-4E14-AC66-CAB287D89EF1}.Docker|Any CPU.Build.0 = Debug|Any CPU
		{43AEA0B4-224E-4E14-AC66-CAB287D89EF1}.Docker|ARM32.ActiveCfg = Debug|ARM32
		{43AEA0B4-224E-4E14-AC66-CAB287D89EF1}.Docker|ARM32.Build.0 = Debug|ARM32
		{43AEA0B4-224E-4E14-AC66-CAB287D89EF1}.Docker|x64.ActiveCfg = Debug|x64
		{43AEA0B4-224E-4E14-AC66-CAB287D89EF1}.Docker|x64.Build.0 = Debug|x64
		{43AEA0B4-224E-4E14-AC66-CAB287D89EF1}.Docker|x86.ActiveCfg = Debug|Any CPU
		{43AEA0B4-224E-4E14-AC66-CAB287D89EF1}.Docker|x86.Build.0 = Debug|Any CPU
		{43AEA0B4-224E-4E14-AC66-CAB287D89EF1}.gcmodeller_desktop|Any CPU.ActiveCfg = gcmodeller_desktop|Any CPU
		{43AEA0B4-224E-4E14-AC66-CAB287D89EF1}.gcmodeller_desktop|Any CPU.Build.0 = gcmodeller_desktop|Any CPU
		{43AEA0B4-224E-4E14-AC66-CAB287D89EF1}.gcmodeller_desktop|ARM32.ActiveCfg = gcmodeller_desktop|ARM32
		{43AEA0B4-224E-4E14-AC66-CAB287D89EF1}.gcmodeller_desktop|ARM32.Build.0 = gcmodeller_desktop|ARM32
		{43AEA0B4-224E-4E14-AC66-CAB287D89EF1}.gcmodeller_desktop|x64.ActiveCfg = gcmodeller_desktop|x64
		{43AEA0B4-224E-4E14-AC66-CAB287D89EF1}.gcmodeller_desktop|x64.Build.0 = gcmodeller_desktop|x64
		{43AEA0B4-224E-4E14-AC66-CAB287D89EF1}.gcmodeller_desktop|x86.ActiveCfg = gcmodeller_desktop|Any CPU
		{43AEA0B4-224E-4E14-AC66-CAB287D89EF1}.gcmodeller_desktop|x86.Build.0 = gcmodeller_desktop|Any CPU
		{43AEA0B4-224E-4E14-AC66-CAB287D89EF1}.LipidSearch|Any CPU.ActiveCfg = LipidSearch|Any CPU
		{43AEA0B4-224E-4E14-AC66-CAB287D89EF1}.LipidSearch|Any CPU.Build.0 = LipidSearch|Any CPU
		{43AEA0B4-224E-4E14-AC66-CAB287D89EF1}.LipidSearch|ARM32.ActiveCfg = LipidSearch|ARM32
		{43AEA0B4-224E-4E14-AC66-CAB287D89EF1}.LipidSearch|ARM32.Build.0 = LipidSearch|ARM32
		{43AEA0B4-224E-4E14-AC66-CAB287D89EF1}.LipidSearch|x64.ActiveCfg = LipidSearch|x64
		{43AEA0B4-224E-4E14-AC66-CAB287D89EF1}.LipidSearch|x64.Build.0 = LipidSearch|x64
		{43AEA0B4-224E-4E14-AC66-CAB287D89EF1}.LipidSearch|x86.ActiveCfg = LipidSearch|Any CPU
		{43AEA0B4-224E-4E14-AC66-CAB287D89EF1}.LipidSearch|x86.Build.0 = LipidSearch|Any CPU
		{43AEA0B4-224E-4E14-AC66-CAB287D89EF1}.mzkit_win32|Any CPU.ActiveCfg = mzkit_win32|Any CPU
		{43AEA0B4-224E-4E14-AC66-CAB287D89EF1}.mzkit_win32|Any CPU.Build.0 = mzkit_win32|Any CPU
		{43AEA0B4-224E-4E14-AC66-CAB287D89EF1}.mzkit_win32|ARM32.ActiveCfg = mzkit_win32|ARM32
		{43AEA0B4-224E-4E14-AC66-CAB287D89EF1}.mzkit_win32|ARM32.Build.0 = mzkit_win32|ARM32
		{43AEA0B4-224E-4E14-AC66-CAB287D89EF1}.mzkit_win32|x64.ActiveCfg = mzkit_win32|x64
		{43AEA0B4-224E-4E14-AC66-CAB287D89EF1}.mzkit_win32|x64.Build.0 = mzkit_win32|x64
		{43AEA0B4-224E-4E14-AC66-CAB287D89EF1}.mzkit_win32|x86.ActiveCfg = mzkit_win32|Any CPU
		{43AEA0B4-224E-4E14-AC66-CAB287D89EF1}.mzkit_win32|x86.Build.0 = mzkit_win32|Any CPU
		{43AEA0B4-224E-4E14-AC66-CAB287D89EF1}.mzkit|Any CPU.ActiveCfg = mzkit_win32|Any CPU
		{43AEA0B4-224E-4E14-AC66-CAB287D89EF1}.mzkit|Any CPU.Build.0 = mzkit_win32|Any CPU
		{43AEA0B4-224E-4E14-AC66-CAB287D89EF1}.mzkit|ARM32.ActiveCfg = mzkit_win32|ARM32
		{43AEA0B4-224E-4E14-AC66-CAB287D89EF1}.mzkit|ARM32.Build.0 = mzkit_win32|ARM32
		{43AEA0B4-224E-4E14-AC66-CAB287D89EF1}.mzkit|x64.ActiveCfg = mzkit_win32|x64
		{43AEA0B4-224E-4E14-AC66-CAB287D89EF1}.mzkit|x64.Build.0 = mzkit_win32|x64
		{43AEA0B4-224E-4E14-AC66-CAB287D89EF1}.mzkit|x86.ActiveCfg = mzkit_win32|Any CPU
		{43AEA0B4-224E-4E14-AC66-CAB287D89EF1}.mzkit|x86.Build.0 = mzkit_win32|Any CPU
		{43AEA0B4-224E-4E14-AC66-CAB287D89EF1}.NPSearch|Any CPU.ActiveCfg = Debug|Any CPU
		{43AEA0B4-224E-4E14-AC66-CAB287D89EF1}.NPSearch|Any CPU.Build.0 = Debug|Any CPU
		{43AEA0B4-224E-4E14-AC66-CAB287D89EF1}.NPSearch|ARM32.ActiveCfg = Debug|ARM32
		{43AEA0B4-224E-4E14-AC66-CAB287D89EF1}.NPSearch|ARM32.Build.0 = Debug|ARM32
		{43AEA0B4-224E-4E14-AC66-CAB287D89EF1}.NPSearch|x64.ActiveCfg = Debug|x64
		{43AEA0B4-224E-4E14-AC66-CAB287D89EF1}.NPSearch|x64.Build.0 = Debug|x64
		{43AEA0B4-224E-4E14-AC66-CAB287D89EF1}.NPSearch|x86.ActiveCfg = Debug|Any CPU
		{43AEA0B4-224E-4E14-AC66-CAB287D89EF1}.NPSearch|x86.Build.0 = Debug|Any CPU
		{43AEA0B4-224E-4E14-AC66-CAB287D89EF1}.nuget_release|Any CPU.ActiveCfg = Debug|Any CPU
		{43AEA0B4-224E-4E14-AC66-CAB287D89EF1}.nuget_release|Any CPU.Build.0 = Debug|Any CPU
		{43AEA0B4-224E-4E14-AC66-CAB287D89EF1}.nuget_release|ARM32.ActiveCfg = Debug|ARM32
		{43AEA0B4-224E-4E14-AC66-CAB287D89EF1}.nuget_release|ARM32.Build.0 = Debug|ARM32
		{43AEA0B4-224E-4E14-AC66-CAB287D89EF1}.nuget_release|x64.ActiveCfg = Debug|x64
		{43AEA0B4-224E-4E14-AC66-CAB287D89EF1}.nuget_release|x64.Build.0 = Debug|x64
		{43AEA0B4-224E-4E14-AC66-CAB287D89EF1}.nuget_release|x86.ActiveCfg = Debug|Any CPU
		{43AEA0B4-224E-4E14-AC66-CAB287D89EF1}.nuget_release|x86.Build.0 = Debug|Any CPU
		{43AEA0B4-224E-4E14-AC66-CAB287D89EF1}.PlantMAT|Any CPU.ActiveCfg = PlantMAT|Any CPU
		{43AEA0B4-224E-4E14-AC66-CAB287D89EF1}.PlantMAT|Any CPU.Build.0 = PlantMAT|Any CPU
		{43AEA0B4-224E-4E14-AC66-CAB287D89EF1}.PlantMAT|ARM32.ActiveCfg = PlantMAT|ARM32
		{43AEA0B4-224E-4E14-AC66-CAB287D89EF1}.PlantMAT|ARM32.Build.0 = PlantMAT|ARM32
		{43AEA0B4-224E-4E14-AC66-CAB287D89EF1}.PlantMAT|x64.ActiveCfg = PlantMAT|x64
		{43AEA0B4-224E-4E14-AC66-CAB287D89EF1}.PlantMAT|x64.Build.0 = PlantMAT|x64
		{43AEA0B4-224E-4E14-AC66-CAB287D89EF1}.PlantMAT|x86.ActiveCfg = PlantMAT|Any CPU
		{43AEA0B4-224E-4E14-AC66-CAB287D89EF1}.PlantMAT|x86.Build.0 = PlantMAT|Any CPU
		{43AEA0B4-224E-4E14-AC66-CAB287D89EF1}.Release|Any CPU.ActiveCfg = Release|Any CPU
		{43AEA0B4-224E-4E14-AC66-CAB287D89EF1}.Release|Any CPU.Build.0 = Release|Any CPU
		{43AEA0B4-224E-4E14-AC66-CAB287D89EF1}.Release|ARM32.ActiveCfg = Release|ARM32
		{43AEA0B4-224E-4E14-AC66-CAB287D89EF1}.Release|ARM32.Build.0 = Release|ARM32
		{43AEA0B4-224E-4E14-AC66-CAB287D89EF1}.Release|x64.ActiveCfg = Release|x64
		{43AEA0B4-224E-4E14-AC66-CAB287D89EF1}.Release|x64.Build.0 = Release|x64
		{43AEA0B4-224E-4E14-AC66-CAB287D89EF1}.Release|x86.ActiveCfg = Release|Any CPU
		{43AEA0B4-224E-4E14-AC66-CAB287D89EF1}.Release|x86.Build.0 = Release|Any CPU
		{43AEA0B4-224E-4E14-AC66-CAB287D89EF1}.Rsharp_app_release|Any CPU.ActiveCfg = Rsharp_app_release|Any CPU
		{43AEA0B4-224E-4E14-AC66-CAB287D89EF1}.Rsharp_app_release|Any CPU.Build.0 = Rsharp_app_release|Any CPU
		{43AEA0B4-224E-4E14-AC66-CAB287D89EF1}.Rsharp_app_release|ARM32.ActiveCfg = Rsharp_app_release|ARM32
		{43AEA0B4-224E-4E14-AC66-CAB287D89EF1}.Rsharp_app_release|ARM32.Build.0 = Rsharp_app_release|ARM32
		{43AEA0B4-224E-4E14-AC66-CAB287D89EF1}.Rsharp_app_release|x64.ActiveCfg = Rsharp_app_release|x64
		{43AEA0B4-224E-4E14-AC66-CAB287D89EF1}.Rsharp_app_release|x64.Build.0 = Rsharp_app_release|x64
		{43AEA0B4-224E-4E14-AC66-CAB287D89EF1}.Rsharp_app_release|x86.ActiveCfg = Rsharp_app_release|Any CPU
		{43AEA0B4-224E-4E14-AC66-CAB287D89EF1}.Rsharp_app_release|x86.Build.0 = Rsharp_app_release|Any CPU
	EndGlobalSection
	GlobalSection(SolutionProperties) = preSolution
		HideSolutionNode = FALSE
	EndGlobalSection
	GlobalSection(NestedProjects) = preSolution
		{623E7BBC-1214-4C6F-8612-81973A29C970} = {9413B42A-87B5-4983-B925-B8563002BBD0}
		{9D85A533-26DB-4EBB-8421-F8F5F58CE7DF} = {9413B42A-87B5-4983-B925-B8563002BBD0}
		{33C95DD6-F681-4AE5-B9C1-D6DCDE95541C} = {9413B42A-87B5-4983-B925-B8563002BBD0}
		{CEDEBAE2-00CF-4CC4-AE11-667F2288FA08} = {9413B42A-87B5-4983-B925-B8563002BBD0}
		{855DE8BD-EF0D-4BFB-8ACE-DAB7315EEFE5} = {9413B42A-87B5-4983-B925-B8563002BBD0}
		{0A0990D7-EF91-4193-AD0B-B4547BE3B6E8} = {6D62727D-C820-4462-A4F4-1490FACF375B}
		{14010B90-BC3B-42D9-A52C-30CA537D3C11} = {6D62727D-C820-4462-A4F4-1490FACF375B}
		{699EB010-0BFE-4FD2-8109-2CEDB34F086C} = {6D62727D-C820-4462-A4F4-1490FACF375B}
		{E4A1E2AC-9B54-4021-9E9F-DF495461BFF0} = {9413B42A-87B5-4983-B925-B8563002BBD0}
		{43AEA0B4-224E-4E14-AC66-CAB287D89EF1} = {4877F570-F647-4B10-A168-9D9DAFA5CC95}
	EndGlobalSection
	GlobalSection(ExtensibilityGlobals) = postSolution
		SolutionGuid = {D55CF6A6-6A38-4272-8E40-7B237B986D42}
	EndGlobalSection
	GlobalSection(SharedMSBuildProjectFiles) = preSolution
		..\..\GCModeller\src\R-sharp\studio\Rstudio.common\Rstudio.common.projitems*{14010b90-bc3b-42d9-a52c-30ca537d3c11}*SharedItemsImports = 13
		..\..\GCModeller\src\R-sharp\studio\Rstudio.common\Rstudio.common.projitems*{1d54dcda-7cdd-43fb-8e03-8b265d9749c5}*SharedItemsImports = 5
		..\..\GCModeller\src\R-sharp\studio\Rstudio.common\Rstudio.common.projitems*{699eb010-0bfe-4fd2-8109-2cedb34f086c}*SharedItemsImports = 5
	EndGlobalSection
EndGlobal
